// !$*UTF8*$!
{
	archiveVersion = 1;
	classes = {
	};
	objectVersion = 46;
	objects = {

/* Begin PBXBuildFile section */
		AA3F38E317BD03410054A992 /* UIKit.framework in Frameworks */ = {isa = PBXBuildFile; fileRef = AA3F38E217BD03410054A992 /* UIKit.framework */; };
		AA3F38E517BD03410054A992 /* Foundation.framework in Frameworks */ = {isa = PBXBuildFile; fileRef = AA3F38E417BD03410054A992 /* Foundation.framework */; };
		AA3F38E717BD03410054A992 /* CoreGraphics.framework in Frameworks */ = {isa = PBXBuildFile; fileRef = AA3F38E617BD03410054A992 /* CoreGraphics.framework */; };
		AA3F38ED17BD03410054A992 /* InfoPlist.strings in Resources */ = {isa = PBXBuildFile; fileRef = AA3F38EB17BD03410054A992 /* InfoPlist.strings */; };
		AA3F38EF17BD03410054A992 /* main.m in Sources */ = {isa = PBXBuildFile; fileRef = AA3F38EE17BD03410054A992 /* main.m */; settings = {COMPILER_FLAGS = "-fno-objc-arc"; }; };
		AA3F38F317BD03410054A992 /* WAppDelegate.m in Sources */ = {isa = PBXBuildFile; fileRef = AA3F38F217BD03410054A992 /* WAppDelegate.m */; settings = {COMPILER_FLAGS = "-fno-objc-arc"; }; };
		AA3F38F517BD03410054A992 /* Default.png in Resources */ = {isa = PBXBuildFile; fileRef = AA3F38F417BD03410054A992 /* Default.png */; };
		AA3F38F717BD03410054A992 /* Default@2x.png in Resources */ = {isa = PBXBuildFile; fileRef = AA3F38F617BD03410054A992 /* Default@2x.png */; };
		AA3F38F917BD03410054A992 /* Default-568h@2x.png in Resources */ = {isa = PBXBuildFile; fileRef = AA3F38F817BD03410054A992 /* Default-568h@2x.png */; };
		AA3F390C17BD243A0054A992 /* WProjectCell.m in Sources */ = {isa = PBXBuildFile; fileRef = AA3F390B17BD243A0054A992 /* WProjectCell.m */; settings = {COMPILER_FLAGS = "-fno-objc-arc"; }; };
		AA3F390E17BD250B0054A992 /* WProjectCell.xib in Resources */ = {isa = PBXBuildFile; fileRef = AA3F390D17BD250B0054A992 /* WProjectCell.xib */; };
		B25648681A19F1B10035FD16 /* LoginView.m in Sources */ = {isa = PBXBuildFile; fileRef = B25648671A19F1B10035FD16 /* LoginView.m */; settings = {COMPILER_FLAGS = "-fno-objc-arc"; }; };
		B256486B1A1A42AA0035FD16 /* SignUpView.m in Sources */ = {isa = PBXBuildFile; fileRef = B256486A1A1A42AA0035FD16 /* SignUpView.m */; settings = {COMPILER_FLAGS = "-fno-objc-arc"; }; };
		B256486E1A1A489C0035FD16 /* SignCodeView.m in Sources */ = {isa = PBXBuildFile; fileRef = B256486D1A1A489C0035FD16 /* SignCodeView.m */; settings = {COMPILER_FLAGS = "-fno-objc-arc"; }; };
		B2A2F7C119CD799D006C9BB2 /* AVOSCloud.framework in Frameworks */ = {isa = PBXBuildFile; fileRef = B2A2F7BF19CD799D006C9BB2 /* AVOSCloud.framework */; };
		B2A2F7C219CD799D006C9BB2 /* AVOSCloudSNS.framework in Frameworks */ = {isa = PBXBuildFile; fileRef = B2A2F7C019CD799D006C9BB2 /* AVOSCloudSNS.framework */; };
		B2A2F7C419CD8233006C9BB2 /* CoreTelephony.framework in Frameworks */ = {isa = PBXBuildFile; fileRef = B2A2F7C319CD8233006C9BB2 /* CoreTelephony.framework */; };
		B2A2F7C619CD823E006C9BB2 /* CoreLocation.framework in Frameworks */ = {isa = PBXBuildFile; fileRef = B2A2F7C519CD823E006C9BB2 /* CoreLocation.framework */; };
		B2A2F7C819CD826A006C9BB2 /* SystemConfiguration.framework in Frameworks */ = {isa = PBXBuildFile; fileRef = B2A2F7C719CD826A006C9BB2 /* SystemConfiguration.framework */; };
		B2A2F7CA19CD8277006C9BB2 /* MobileCoreServices.framework in Frameworks */ = {isa = PBXBuildFile; fileRef = B2A2F7C919CD8277006C9BB2 /* MobileCoreServices.framework */; };
		B2A2F7CC19CD8291006C9BB2 /* libicucore.dylib in Frameworks */ = {isa = PBXBuildFile; fileRef = B2A2F7CB19CD8291006C9BB2 /* libicucore.dylib */; };
		B2A2F7CE19CD82BB006C9BB2 /* CFNetwork.framework in Frameworks */ = {isa = PBXBuildFile; fileRef = B2A2F7CD19CD82BB006C9BB2 /* CFNetwork.framework */; };
		B2A923511A19C6AA0055E6FF /* WUserDataViewController.m in Sources */ = {isa = PBXBuildFile; fileRef = B2A923501A19C6AA0055E6FF /* WUserDataViewController.m */; settings = {COMPILER_FLAGS = "-fno-objc-arc"; }; };
		B2DC45B41A1C412400C55AA5 /* ECPercentDrivenInteractiveTransition.m in Sources */ = {isa = PBXBuildFile; fileRef = B2DC456D1A1C412400C55AA5 /* ECPercentDrivenInteractiveTransition.m */; };
		B2DC45B51A1C412400C55AA5 /* ECSlidingAnimationController.m in Sources */ = {isa = PBXBuildFile; fileRef = B2DC456F1A1C412400C55AA5 /* ECSlidingAnimationController.m */; };
		B2DC45B61A1C412400C55AA5 /* ECSlidingInteractiveTransition.m in Sources */ = {isa = PBXBuildFile; fileRef = B2DC45721A1C412400C55AA5 /* ECSlidingInteractiveTransition.m */; };
		B2DC45B71A1C412400C55AA5 /* ECSlidingSegue.m in Sources */ = {isa = PBXBuildFile; fileRef = B2DC45741A1C412400C55AA5 /* ECSlidingSegue.m */; };
		B2DC45B81A1C412400C55AA5 /* ECSlidingViewController.m in Sources */ = {isa = PBXBuildFile; fileRef = B2DC45761A1C412400C55AA5 /* ECSlidingViewController.m */; };
		B2DC45B91A1C412400C55AA5 /* UIViewController+ECSlidingViewController.m in Sources */ = {isa = PBXBuildFile; fileRef = B2DC45781A1C412400C55AA5 /* UIViewController+ECSlidingViewController.m */; };
		B2DC45BA1A1C412400C55AA5 /* MASCompositeConstraint.m in Sources */ = {isa = PBXBuildFile; fileRef = B2DC457B1A1C412400C55AA5 /* MASCompositeConstraint.m */; settings = {COMPILER_FLAGS = "-fno-objc-arc"; }; };
		B2DC45BB1A1C412400C55AA5 /* MASConstraint.m in Sources */ = {isa = PBXBuildFile; fileRef = B2DC457E1A1C412400C55AA5 /* MASConstraint.m */; settings = {COMPILER_FLAGS = "-fno-objc-arc"; }; };
		B2DC45BC1A1C412400C55AA5 /* MASConstraintMaker.m in Sources */ = {isa = PBXBuildFile; fileRef = B2DC45801A1C412400C55AA5 /* MASConstraintMaker.m */; settings = {COMPILER_FLAGS = "-fno-objc-arc"; }; };
		B2DC45BD1A1C412400C55AA5 /* MASLayoutConstraint.m in Sources */ = {isa = PBXBuildFile; fileRef = B2DC45821A1C412400C55AA5 /* MASLayoutConstraint.m */; settings = {COMPILER_FLAGS = "-fno-objc-arc"; }; };
		B2DC45BE1A1C412400C55AA5 /* MASViewAttribute.m in Sources */ = {isa = PBXBuildFile; fileRef = B2DC45861A1C412400C55AA5 /* MASViewAttribute.m */; settings = {COMPILER_FLAGS = "-fno-objc-arc"; }; };
		B2DC45BF1A1C412400C55AA5 /* MASViewConstraint.m in Sources */ = {isa = PBXBuildFile; fileRef = B2DC45881A1C412400C55AA5 /* MASViewConstraint.m */; settings = {COMPILER_FLAGS = "-fno-objc-arc"; }; };
		B2DC45C01A1C412400C55AA5 /* NSArray+MASAdditions.m in Sources */ = {isa = PBXBuildFile; fileRef = B2DC458A1A1C412400C55AA5 /* NSArray+MASAdditions.m */; settings = {COMPILER_FLAGS = "-fno-objc-arc"; }; };
		B2DC45C11A1C412400C55AA5 /* NSLayoutConstraint+MASDebugAdditions.m in Sources */ = {isa = PBXBuildFile; fileRef = B2DC458D1A1C412400C55AA5 /* NSLayoutConstraint+MASDebugAdditions.m */; settings = {COMPILER_FLAGS = "-fno-objc-arc"; }; };
		B2DC45C21A1C412400C55AA5 /* View+MASAdditions.m in Sources */ = {isa = PBXBuildFile; fileRef = B2DC458F1A1C412400C55AA5 /* View+MASAdditions.m */; settings = {COMPILER_FLAGS = "-fno-objc-arc"; }; };
		B2DC45C31A1C412400C55AA5 /* SVProgressHUD.bundle in Resources */ = {isa = PBXBuildFile; fileRef = B2DC45921A1C412400C55AA5 /* SVProgressHUD.bundle */; };
		B2DC45C41A1C412400C55AA5 /* SVProgressHUD.m in Sources */ = {isa = PBXBuildFile; fileRef = B2DC45941A1C412400C55AA5 /* SVProgressHUD.m */; };
		B2DC45C51A1C412400C55AA5 /* MKAnnotationView+WebCache.m in Sources */ = {isa = PBXBuildFile; fileRef = B2DC45981A1C412400C55AA5 /* MKAnnotationView+WebCache.m */; };
		B2DC45C61A1C412400C55AA5 /* SDImageCache.m in Sources */ = {isa = PBXBuildFile; fileRef = B2DC459A1A1C412400C55AA5 /* SDImageCache.m */; };
		B2DC45C71A1C412400C55AA5 /* SDWebImageDecoder.m in Sources */ = {isa = PBXBuildFile; fileRef = B2DC459E1A1C412400C55AA5 /* SDWebImageDecoder.m */; };
		B2DC45C81A1C412400C55AA5 /* SDWebImageDownloader.m in Sources */ = {isa = PBXBuildFile; fileRef = B2DC45A01A1C412400C55AA5 /* SDWebImageDownloader.m */; };
		B2DC45C91A1C412400C55AA5 /* SDWebImageManager.m in Sources */ = {isa = PBXBuildFile; fileRef = B2DC45A31A1C412400C55AA5 /* SDWebImageManager.m */; };
		B2DC45CA1A1C412400C55AA5 /* SDWebImagePrefetcher.m in Sources */ = {isa = PBXBuildFile; fileRef = B2DC45A61A1C412400C55AA5 /* SDWebImagePrefetcher.m */; };
		B2DC45CB1A1C412400C55AA5 /* UIButton+WebCache.m in Sources */ = {isa = PBXBuildFile; fileRef = B2DC45A81A1C412400C55AA5 /* UIButton+WebCache.m */; };
		B2DC45CC1A1C412400C55AA5 /* UIImageView+WebCache.m in Sources */ = {isa = PBXBuildFile; fileRef = B2DC45AA1A1C412400C55AA5 /* UIImageView+WebCache.m */; };
		B2DC45CD1A1C412400C55AA5 /* UIImage+Alpha.m in Sources */ = {isa = PBXBuildFile; fileRef = B2DC45AD1A1C412400C55AA5 /* UIImage+Alpha.m */; };
		B2DC45CE1A1C412400C55AA5 /* UIImage+Resize.m in Sources */ = {isa = PBXBuildFile; fileRef = B2DC45AF1A1C412400C55AA5 /* UIImage+Resize.m */; };
		B2DC45CF1A1C412400C55AA5 /* UIImage+RoundedCorner.m in Sources */ = {isa = PBXBuildFile; fileRef = B2DC45B11A1C412400C55AA5 /* UIImage+RoundedCorner.m */; };
		B2DC45D01A1C412400C55AA5 /* UIImage+Scaling.m in Sources */ = {isa = PBXBuildFile; fileRef = B2DC45B31A1C412400C55AA5 /* UIImage+Scaling.m */; };
		B2DC45DA1A1C415A00C55AA5 /* BBProgressHUD.m in Sources */ = {isa = PBXBuildFile; fileRef = B2DC45D31A1C415A00C55AA5 /* BBProgressHUD.m */; };
		B2DC45DB1A1C415A00C55AA5 /* NSString+App.m in Sources */ = {isa = PBXBuildFile; fileRef = B2DC45D51A1C415A00C55AA5 /* NSString+App.m */; };
		B2DC45DC1A1C415A00C55AA5 /* WConfig.m in Sources */ = {isa = PBXBuildFile; fileRef = B2DC45D71A1C415A00C55AA5 /* WConfig.m */; };
		B2DC45DD1A1C415A00C55AA5 /* WUtils.m in Sources */ = {isa = PBXBuildFile; fileRef = B2DC45D91A1C415A00C55AA5 /* WUtils.m */; };
		B2DC45E81A1C741600C55AA5 /* app_icon_120.png in Resources */ = {isa = PBXBuildFile; fileRef = B2DC45DF1A1C741600C55AA5 /* app_icon_120.png */; };
		B2DC45E91A1C741600C55AA5 /* app_icon_58.png in Resources */ = {isa = PBXBuildFile; fileRef = B2DC45E01A1C741600C55AA5 /* app_icon_58.png */; };
		B2DC45EA1A1C741600C55AA5 /* app_icon_80.png in Resources */ = {isa = PBXBuildFile; fileRef = B2DC45E11A1C741600C55AA5 /* app_icon_80.png */; };
		B2DC45EB1A1C741600C55AA5 /* icon_verified_email.png in Resources */ = {isa = PBXBuildFile; fileRef = B2DC45E21A1C741600C55AA5 /* icon_verified_email.png */; };
		B2DC45EC1A1C741600C55AA5 /* icon_verified_identity_card.png in Resources */ = {isa = PBXBuildFile; fileRef = B2DC45E31A1C741600C55AA5 /* icon_verified_identity_card.png */; };
		B2DC45ED1A1C741600C55AA5 /* icon_verified_phone.png in Resources */ = {isa = PBXBuildFile; fileRef = B2DC45E41A1C741600C55AA5 /* icon_verified_phone.png */; };
		B2DC45EE1A1C741600C55AA5 /* icon_verified_sina_weibo.png in Resources */ = {isa = PBXBuildFile; fileRef = B2DC45E51A1C741600C55AA5 /* icon_verified_sina_weibo.png */; };
		B2DC45EF1A1C741600C55AA5 /* menu_icon_logout.png in Resources */ = {isa = PBXBuildFile; fileRef = B2DC45E61A1C741600C55AA5 /* menu_icon_logout.png */; };
		B2DC45F01A1C741600C55AA5 /* menu_icon_logout@2x.png in Resources */ = {isa = PBXBuildFile; fileRef = B2DC45E71A1C741600C55AA5 /* menu_icon_logout@2x.png */; };
		B2DC45F51A1C8CB700C55AA5 /* WOrderCenter.m in Sources */ = {isa = PBXBuildFile; fileRef = B2DC45F21A1C8CB700C55AA5 /* WOrderCenter.m */; };
		B2DC45F61A1C8CB700C55AA5 /* WOrderModel.m in Sources */ = {isa = PBXBuildFile; fileRef = B2DC45F41A1C8CB700C55AA5 /* WOrderModel.m */; };
		B2DC45F91A1CC1ED00C55AA5 /* button_icon_menu.png in Resources */ = {isa = PBXBuildFile; fileRef = B2DC45F71A1CC1ED00C55AA5 /* button_icon_menu.png */; };
		B2DC45FA1A1CC1ED00C55AA5 /* button_icon_menu@2x.png in Resources */ = {isa = PBXBuildFile; fileRef = B2DC45F81A1CC1ED00C55AA5 /* button_icon_menu@2x.png */; };
		F60D712119F7E4030072F789 /* WSpaceCenter.m in Sources */ = {isa = PBXBuildFile; fileRef = F60D711E19F7E4030072F789 /* WSpaceCenter.m */; settings = {COMPILER_FLAGS = "-fno-objc-arc"; }; };
		F60D712219F7E4030072F789 /* WSpaceModel.m in Sources */ = {isa = PBXBuildFile; fileRef = F60D712019F7E4030072F789 /* WSpaceModel.m */; settings = {COMPILER_FLAGS = "-fno-objc-arc"; }; };
		F60D712D19F815890072F789 /* FlatPillButton.m in Sources */ = {isa = PBXBuildFile; fileRef = F60D712C19F815890072F789 /* FlatPillButton.m */; settings = {COMPILER_FLAGS = "-fno-objc-arc"; }; };
		F60D713119F8C27C0072F789 /* WTextPageViewController.m in Sources */ = {isa = PBXBuildFile; fileRef = F60D712F19F8C27C0072F789 /* WTextPageViewController.m */; settings = {COMPILER_FLAGS = "-fno-objc-arc"; }; };
		F60D713519F8E9250072F789 /* UILabel+dynamicSized.m in Sources */ = {isa = PBXBuildFile; fileRef = F60D713419F8E9250072F789 /* UILabel+dynamicSized.m */; settings = {COMPILER_FLAGS = "-fno-objc-arc"; }; };
		F625AC3D1A0C6C1800CA1AB5 /* WHomeViewController.m in Sources */ = {isa = PBXBuildFile; fileRef = F625AC3A1A0C6C1800CA1AB5 /* WHomeViewController.m */; settings = {COMPILER_FLAGS = "-fno-objc-arc"; }; };
		F625AC3E1A0C6C1800CA1AB5 /* WMenuViewController.m in Sources */ = {isa = PBXBuildFile; fileRef = F625AC3C1A0C6C1800CA1AB5 /* WMenuViewController.m */; settings = {COMPILER_FLAGS = "-fno-objc-arc"; }; };
		F625AC411A0C7EAD00CA1AB5 /* WUserSignView.m in Sources */ = {isa = PBXBuildFile; fileRef = F625AC401A0C7EAD00CA1AB5 /* WUserSignView.m */; settings = {COMPILER_FLAGS = "-fno-objc-arc"; }; };
		F66261B319CEC8F200C0B9ED /* QuartzCore.framework in Frameworks */ = {isa = PBXBuildFile; fileRef = F66261B219CEC8F200C0B9ED /* QuartzCore.framework */; };
		F66261CB19CF0EAB00C0B9ED /* WViewController.m in Sources */ = {isa = PBXBuildFile; fileRef = F66261C719CF0EAB00C0B9ED /* WViewController.m */; settings = {COMPILER_FLAGS = "-fno-objc-arc"; }; };
		F66261CC19CF0EAB00C0B9ED /* WViewController.xib in Resources */ = {isa = PBXBuildFile; fileRef = F66261C819CF0EAB00C0B9ED /* WViewController.xib */; };
		F698732F1A00BADC003458AC /* WEventViewController.m in Sources */ = {isa = PBXBuildFile; fileRef = F698732D1A00BADC003458AC /* WEventViewController.m */; settings = {COMPILER_FLAGS = "-fno-objc-arc"; }; };
		F69873301A00BADC003458AC /* WEventViewController.xib in Resources */ = {isa = PBXBuildFile; fileRef = F698732E1A00BADC003458AC /* WEventViewController.xib */; };
		F69873361A00E5BF003458AC /* WEventedTapGestureRecognizer.m in Sources */ = {isa = PBXBuildFile; fileRef = F69873351A00E5BF003458AC /* WEventedTapGestureRecognizer.m */; settings = {COMPILER_FLAGS = "-fno-objc-arc"; }; };
		F698733D1A012A59003458AC /* WDetailViewController.m in Sources */ = {isa = PBXBuildFile; fileRef = F698733B1A012A59003458AC /* WDetailViewController.m */; settings = {COMPILER_FLAGS = "-fno-objc-arc"; }; };
		F698733E1A012A59003458AC /* WDetailViewController.xib in Resources */ = {isa = PBXBuildFile; fileRef = F698733C1A012A59003458AC /* WDetailViewController.xib */; };
		F69873411A0131A2003458AC /* WUserPreviewView.m in Sources */ = {isa = PBXBuildFile; fileRef = F69873401A0131A2003458AC /* WUserPreviewView.m */; settings = {COMPILER_FLAGS = "-fno-objc-arc"; }; };
		F69873471A01F645003458AC /* WUserModel.m in Sources */ = {isa = PBXBuildFile; fileRef = F69873461A01F645003458AC /* WUserModel.m */; settings = {COMPILER_FLAGS = "-fno-objc-arc"; }; };
		F698734A1A01F7AC003458AC /* WUserCenter.m in Sources */ = {isa = PBXBuildFile; fileRef = F69873491A01F7AC003458AC /* WUserCenter.m */; settings = {COMPILER_FLAGS = "-fno-objc-arc"; }; };
		F698734E1A02575A003458AC /* WUserViewController.m in Sources */ = {isa = PBXBuildFile; fileRef = F698734C1A02575A003458AC /* WUserViewController.m */; settings = {COMPILER_FLAGS = "-fno-objc-arc"; }; };
		F698734F1A02575A003458AC /* WUserViewController.xib in Resources */ = {isa = PBXBuildFile; fileRef = F698734D1A02575A003458AC /* WUserViewController.xib */; };
		F69873551A026D48003458AC /* WVerifiedView.m in Sources */ = {isa = PBXBuildFile; fileRef = F69873541A026D48003458AC /* WVerifiedView.m */; settings = {COMPILER_FLAGS = "-fno-objc-arc"; }; };
		F6AEB04719F926E8002AA015 /* WBaseModel.m in Sources */ = {isa = PBXBuildFile; fileRef = F6AEB04619F926E8002AA015 /* WBaseModel.m */; settings = {COMPILER_FLAGS = "-fno-objc-arc"; }; };
		F6B70BB31A162451005840DB /* WBaseViewController.m in Sources */ = {isa = PBXBuildFile; fileRef = F6B70BB21A162451005840DB /* WBaseViewController.m */; settings = {COMPILER_FLAGS = "-fno-objc-arc"; }; };
		F6B838CF19FE98D800F7EDC9 /* WEventModel.m in Sources */ = {isa = PBXBuildFile; fileRef = F6B838CE19FE98D800F7EDC9 /* WEventModel.m */; settings = {COMPILER_FLAGS = "-fno-objc-arc"; }; };
		F6B838D219FE9AAB00F7EDC9 /* WEventCenter.m in Sources */ = {isa = PBXBuildFile; fileRef = F6B838D119FE9AAB00F7EDC9 /* WEventCenter.m */; settings = {COMPILER_FLAGS = "-fno-objc-arc"; }; };
		F6B838D519FEA2CB00F7EDC9 /* WEventPreviewView.m in Sources */ = {isa = PBXBuildFile; fileRef = F6B838D419FEA2CB00F7EDC9 /* WEventPreviewView.m */; settings = {COMPILER_FLAGS = "-fno-objc-arc"; }; };
		F6C92AA61A067FC900B08E2C /* ImageIO.framework in Frameworks */ = {isa = PBXBuildFile; fileRef = F6C92AA51A067FC900B08E2C /* ImageIO.framework */; };
		F6C92AA81A067FFF00B08E2C /* MapKit.framework in Frameworks */ = {isa = PBXBuildFile; fileRef = F6C92AA71A067FFF00B08E2C /* MapKit.framework */; };
/* End PBXBuildFile section */

/* Begin PBXFileReference section */
		AA3F38DF17BD03410054A992 /* CustomTableVeiwCellDemo.app */ = {isa = PBXFileReference; explicitFileType = wrapper.application; includeInIndex = 0; path = CustomTableVeiwCellDemo.app; sourceTree = BUILT_PRODUCTS_DIR; };
		AA3F38E217BD03410054A992 /* UIKit.framework */ = {isa = PBXFileReference; lastKnownFileType = wrapper.framework; name = UIKit.framework; path = System/Library/Frameworks/UIKit.framework; sourceTree = SDKROOT; };
		AA3F38E417BD03410054A992 /* Foundation.framework */ = {isa = PBXFileReference; lastKnownFileType = wrapper.framework; name = Foundation.framework; path = System/Library/Frameworks/Foundation.framework; sourceTree = SDKROOT; };
		AA3F38E617BD03410054A992 /* CoreGraphics.framework */ = {isa = PBXFileReference; lastKnownFileType = wrapper.framework; name = CoreGraphics.framework; path = System/Library/Frameworks/CoreGraphics.framework; sourceTree = SDKROOT; };
		AA3F38EA17BD03410054A992 /* CustomTableVeiwCellDemo-Info.plist */ = {isa = PBXFileReference; lastKnownFileType = text.plist.xml; path = "CustomTableVeiwCellDemo-Info.plist"; sourceTree = "<group>"; };
		AA3F38EC17BD03410054A992 /* en */ = {isa = PBXFileReference; lastKnownFileType = text.plist.strings; name = en; path = en.lproj/InfoPlist.strings; sourceTree = "<group>"; };
		AA3F38EE17BD03410054A992 /* main.m */ = {isa = PBXFileReference; lastKnownFileType = sourcecode.c.objc; path = main.m; sourceTree = "<group>"; };
		AA3F38F017BD03410054A992 /* CustomTableVeiwCellDemo-Prefix.pch */ = {isa = PBXFileReference; lastKnownFileType = sourcecode.c.h; path = "CustomTableVeiwCellDemo-Prefix.pch"; sourceTree = "<group>"; };
		AA3F38F117BD03410054A992 /* WAppDelegate.h */ = {isa = PBXFileReference; lastKnownFileType = sourcecode.c.h; path = WAppDelegate.h; sourceTree = "<group>"; };
		AA3F38F217BD03410054A992 /* WAppDelegate.m */ = {isa = PBXFileReference; lastKnownFileType = sourcecode.c.objc; path = WAppDelegate.m; sourceTree = "<group>"; };
		AA3F38F417BD03410054A992 /* Default.png */ = {isa = PBXFileReference; lastKnownFileType = image.png; path = Default.png; sourceTree = "<group>"; };
		AA3F38F617BD03410054A992 /* Default@2x.png */ = {isa = PBXFileReference; lastKnownFileType = image.png; path = "Default@2x.png"; sourceTree = "<group>"; };
		AA3F38F817BD03410054A992 /* Default-568h@2x.png */ = {isa = PBXFileReference; lastKnownFileType = image.png; path = "Default-568h@2x.png"; sourceTree = "<group>"; };
		AA3F390A17BD243A0054A992 /* WProjectCell.h */ = {isa = PBXFileReference; fileEncoding = 4; lastKnownFileType = sourcecode.c.h; path = WProjectCell.h; sourceTree = "<group>"; };
		AA3F390B17BD243A0054A992 /* WProjectCell.m */ = {isa = PBXFileReference; fileEncoding = 4; lastKnownFileType = sourcecode.c.objc; path = WProjectCell.m; sourceTree = "<group>"; };
		AA3F390D17BD250B0054A992 /* WProjectCell.xib */ = {isa = PBXFileReference; fileEncoding = 4; lastKnownFileType = file.xib; path = WProjectCell.xib; sourceTree = "<group>"; };
		B25648661A19F1B10035FD16 /* LoginView.h */ = {isa = PBXFileReference; fileEncoding = 4; lastKnownFileType = sourcecode.c.h; name = LoginView.h; path = Controller/LoginView.h; sourceTree = "<group>"; };
		B25648671A19F1B10035FD16 /* LoginView.m */ = {isa = PBXFileReference; fileEncoding = 4; lastKnownFileType = sourcecode.c.objc; name = LoginView.m; path = Controller/LoginView.m; sourceTree = "<group>"; };
		B25648691A1A42AA0035FD16 /* SignUpView.h */ = {isa = PBXFileReference; fileEncoding = 4; lastKnownFileType = sourcecode.c.h; name = SignUpView.h; path = Controller/SignUpView.h; sourceTree = "<group>"; };
		B256486A1A1A42AA0035FD16 /* SignUpView.m */ = {isa = PBXFileReference; fileEncoding = 4; lastKnownFileType = sourcecode.c.objc; name = SignUpView.m; path = Controller/SignUpView.m; sourceTree = "<group>"; };
		B256486C1A1A489C0035FD16 /* SignCodeView.h */ = {isa = PBXFileReference; fileEncoding = 4; lastKnownFileType = sourcecode.c.h; name = SignCodeView.h; path = Controller/SignCodeView.h; sourceTree = "<group>"; };
		B256486D1A1A489C0035FD16 /* SignCodeView.m */ = {isa = PBXFileReference; fileEncoding = 4; lastKnownFileType = sourcecode.c.objc; name = SignCodeView.m; path = Controller/SignCodeView.m; sourceTree = "<group>"; };
		B2A2F7BF19CD799D006C9BB2 /* AVOSCloud.framework */ = {isa = PBXFileReference; lastKnownFileType = wrapper.framework; name = AVOSCloud.framework; path = Frameworks/AVOSCloud.framework; sourceTree = "<group>"; };
		B2A2F7C019CD799D006C9BB2 /* AVOSCloudSNS.framework */ = {isa = PBXFileReference; lastKnownFileType = wrapper.framework; name = AVOSCloudSNS.framework; path = Frameworks/AVOSCloudSNS.framework; sourceTree = "<group>"; };
		B2A2F7C319CD8233006C9BB2 /* CoreTelephony.framework */ = {isa = PBXFileReference; lastKnownFileType = wrapper.framework; name = CoreTelephony.framework; path = System/Library/Frameworks/CoreTelephony.framework; sourceTree = SDKROOT; };
		B2A2F7C519CD823E006C9BB2 /* CoreLocation.framework */ = {isa = PBXFileReference; lastKnownFileType = wrapper.framework; name = CoreLocation.framework; path = System/Library/Frameworks/CoreLocation.framework; sourceTree = SDKROOT; };
		B2A2F7C719CD826A006C9BB2 /* SystemConfiguration.framework */ = {isa = PBXFileReference; lastKnownFileType = wrapper.framework; name = SystemConfiguration.framework; path = System/Library/Frameworks/SystemConfiguration.framework; sourceTree = SDKROOT; };
		B2A2F7C919CD8277006C9BB2 /* MobileCoreServices.framework */ = {isa = PBXFileReference; lastKnownFileType = wrapper.framework; name = MobileCoreServices.framework; path = System/Library/Frameworks/MobileCoreServices.framework; sourceTree = SDKROOT; };
		B2A2F7CB19CD8291006C9BB2 /* libicucore.dylib */ = {isa = PBXFileReference; lastKnownFileType = "compiled.mach-o.dylib"; name = libicucore.dylib; path = usr/lib/libicucore.dylib; sourceTree = SDKROOT; };
		B2A2F7CD19CD82BB006C9BB2 /* CFNetwork.framework */ = {isa = PBXFileReference; lastKnownFileType = wrapper.framework; name = CFNetwork.framework; path = System/Library/Frameworks/CFNetwork.framework; sourceTree = SDKROOT; };
		B2A9234F1A19C6AA0055E6FF /* WUserDataViewController.h */ = {isa = PBXFileReference; fileEncoding = 4; lastKnownFileType = sourcecode.c.h; name = WUserDataViewController.h; path = Controller/WUserDataViewController.h; sourceTree = "<group>"; };
		B2A923501A19C6AA0055E6FF /* WUserDataViewController.m */ = {isa = PBXFileReference; fileEncoding = 4; lastKnownFileType = sourcecode.c.objc; name = WUserDataViewController.m; path = Controller/WUserDataViewController.m; sourceTree = "<group>"; };
		B2DC456C1A1C412400C55AA5 /* ECPercentDrivenInteractiveTransition.h */ = {isa = PBXFileReference; fileEncoding = 4; lastKnownFileType = sourcecode.c.h; path = ECPercentDrivenInteractiveTransition.h; sourceTree = "<group>"; };
		B2DC456D1A1C412400C55AA5 /* ECPercentDrivenInteractiveTransition.m */ = {isa = PBXFileReference; fileEncoding = 4; lastKnownFileType = sourcecode.c.objc; path = ECPercentDrivenInteractiveTransition.m; sourceTree = "<group>"; };
		B2DC456E1A1C412400C55AA5 /* ECSlidingAnimationController.h */ = {isa = PBXFileReference; fileEncoding = 4; lastKnownFileType = sourcecode.c.h; path = ECSlidingAnimationController.h; sourceTree = "<group>"; };
		B2DC456F1A1C412400C55AA5 /* ECSlidingAnimationController.m */ = {isa = PBXFileReference; fileEncoding = 4; lastKnownFileType = sourcecode.c.objc; path = ECSlidingAnimationController.m; sourceTree = "<group>"; };
		B2DC45701A1C412400C55AA5 /* ECSlidingConstants.h */ = {isa = PBXFileReference; fileEncoding = 4; lastKnownFileType = sourcecode.c.h; path = ECSlidingConstants.h; sourceTree = "<group>"; };
		B2DC45711A1C412400C55AA5 /* ECSlidingInteractiveTransition.h */ = {isa = PBXFileReference; fileEncoding = 4; lastKnownFileType = sourcecode.c.h; path = ECSlidingInteractiveTransition.h; sourceTree = "<group>"; };
		B2DC45721A1C412400C55AA5 /* ECSlidingInteractiveTransition.m */ = {isa = PBXFileReference; fileEncoding = 4; lastKnownFileType = sourcecode.c.objc; path = ECSlidingInteractiveTransition.m; sourceTree = "<group>"; };
		B2DC45731A1C412400C55AA5 /* ECSlidingSegue.h */ = {isa = PBXFileReference; fileEncoding = 4; lastKnownFileType = sourcecode.c.h; path = ECSlidingSegue.h; sourceTree = "<group>"; };
		B2DC45741A1C412400C55AA5 /* ECSlidingSegue.m */ = {isa = PBXFileReference; fileEncoding = 4; lastKnownFileType = sourcecode.c.objc; path = ECSlidingSegue.m; sourceTree = "<group>"; };
		B2DC45751A1C412400C55AA5 /* ECSlidingViewController.h */ = {isa = PBXFileReference; fileEncoding = 4; lastKnownFileType = sourcecode.c.h; path = ECSlidingViewController.h; sourceTree = "<group>"; };
		B2DC45761A1C412400C55AA5 /* ECSlidingViewController.m */ = {isa = PBXFileReference; fileEncoding = 4; lastKnownFileType = sourcecode.c.objc; path = ECSlidingViewController.m; sourceTree = "<group>"; };
		B2DC45771A1C412400C55AA5 /* UIViewController+ECSlidingViewController.h */ = {isa = PBXFileReference; fileEncoding = 4; lastKnownFileType = sourcecode.c.h; path = "UIViewController+ECSlidingViewController.h"; sourceTree = "<group>"; };
		B2DC45781A1C412400C55AA5 /* UIViewController+ECSlidingViewController.m */ = {isa = PBXFileReference; fileEncoding = 4; lastKnownFileType = sourcecode.c.objc; path = "UIViewController+ECSlidingViewController.m"; sourceTree = "<group>"; };
		B2DC457A1A1C412400C55AA5 /* MASCompositeConstraint.h */ = {isa = PBXFileReference; fileEncoding = 4; lastKnownFileType = sourcecode.c.h; path = MASCompositeConstraint.h; sourceTree = "<group>"; };
		B2DC457B1A1C412400C55AA5 /* MASCompositeConstraint.m */ = {isa = PBXFileReference; fileEncoding = 4; lastKnownFileType = sourcecode.c.objc; path = MASCompositeConstraint.m; sourceTree = "<group>"; };
		B2DC457C1A1C412400C55AA5 /* MASConstraint+Private.h */ = {isa = PBXFileReference; fileEncoding = 4; lastKnownFileType = sourcecode.c.h; path = "MASConstraint+Private.h"; sourceTree = "<group>"; };
		B2DC457D1A1C412400C55AA5 /* MASConstraint.h */ = {isa = PBXFileReference; fileEncoding = 4; lastKnownFileType = sourcecode.c.h; path = MASConstraint.h; sourceTree = "<group>"; };
		B2DC457E1A1C412400C55AA5 /* MASConstraint.m */ = {isa = PBXFileReference; fileEncoding = 4; lastKnownFileType = sourcecode.c.objc; path = MASConstraint.m; sourceTree = "<group>"; };
		B2DC457F1A1C412400C55AA5 /* MASConstraintMaker.h */ = {isa = PBXFileReference; fileEncoding = 4; lastKnownFileType = sourcecode.c.h; path = MASConstraintMaker.h; sourceTree = "<group>"; };
		B2DC45801A1C412400C55AA5 /* MASConstraintMaker.m */ = {isa = PBXFileReference; fileEncoding = 4; lastKnownFileType = sourcecode.c.objc; path = MASConstraintMaker.m; sourceTree = "<group>"; };
		B2DC45811A1C412400C55AA5 /* MASLayoutConstraint.h */ = {isa = PBXFileReference; fileEncoding = 4; lastKnownFileType = sourcecode.c.h; path = MASLayoutConstraint.h; sourceTree = "<group>"; };
		B2DC45821A1C412400C55AA5 /* MASLayoutConstraint.m */ = {isa = PBXFileReference; fileEncoding = 4; lastKnownFileType = sourcecode.c.objc; path = MASLayoutConstraint.m; sourceTree = "<group>"; };
		B2DC45831A1C412400C55AA5 /* Masonry.h */ = {isa = PBXFileReference; fileEncoding = 4; lastKnownFileType = sourcecode.c.h; path = Masonry.h; sourceTree = "<group>"; };
		B2DC45841A1C412400C55AA5 /* MASUtilities.h */ = {isa = PBXFileReference; fileEncoding = 4; lastKnownFileType = sourcecode.c.h; path = MASUtilities.h; sourceTree = "<group>"; };
		B2DC45851A1C412400C55AA5 /* MASViewAttribute.h */ = {isa = PBXFileReference; fileEncoding = 4; lastKnownFileType = sourcecode.c.h; path = MASViewAttribute.h; sourceTree = "<group>"; };
		B2DC45861A1C412400C55AA5 /* MASViewAttribute.m */ = {isa = PBXFileReference; fileEncoding = 4; lastKnownFileType = sourcecode.c.objc; path = MASViewAttribute.m; sourceTree = "<group>"; };
		B2DC45871A1C412400C55AA5 /* MASViewConstraint.h */ = {isa = PBXFileReference; fileEncoding = 4; lastKnownFileType = sourcecode.c.h; path = MASViewConstraint.h; sourceTree = "<group>"; };
		B2DC45881A1C412400C55AA5 /* MASViewConstraint.m */ = {isa = PBXFileReference; fileEncoding = 4; lastKnownFileType = sourcecode.c.objc; path = MASViewConstraint.m; sourceTree = "<group>"; };
		B2DC45891A1C412400C55AA5 /* NSArray+MASAdditions.h */ = {isa = PBXFileReference; fileEncoding = 4; lastKnownFileType = sourcecode.c.h; path = "NSArray+MASAdditions.h"; sourceTree = "<group>"; };
		B2DC458A1A1C412400C55AA5 /* NSArray+MASAdditions.m */ = {isa = PBXFileReference; fileEncoding = 4; lastKnownFileType = sourcecode.c.objc; path = "NSArray+MASAdditions.m"; sourceTree = "<group>"; };
		B2DC458B1A1C412400C55AA5 /* NSArray+MASShorthandAdditions.h */ = {isa = PBXFileReference; fileEncoding = 4; lastKnownFileType = sourcecode.c.h; path = "NSArray+MASShorthandAdditions.h"; sourceTree = "<group>"; };
		B2DC458C1A1C412400C55AA5 /* NSLayoutConstraint+MASDebugAdditions.h */ = {isa = PBXFileReference; fileEncoding = 4; lastKnownFileType = sourcecode.c.h; path = "NSLayoutConstraint+MASDebugAdditions.h"; sourceTree = "<group>"; };
		B2DC458D1A1C412400C55AA5 /* NSLayoutConstraint+MASDebugAdditions.m */ = {isa = PBXFileReference; fileEncoding = 4; lastKnownFileType = sourcecode.c.objc; path = "NSLayoutConstraint+MASDebugAdditions.m"; sourceTree = "<group>"; };
		B2DC458E1A1C412400C55AA5 /* View+MASAdditions.h */ = {isa = PBXFileReference; fileEncoding = 4; lastKnownFileType = sourcecode.c.h; path = "View+MASAdditions.h"; sourceTree = "<group>"; };
		B2DC458F1A1C412400C55AA5 /* View+MASAdditions.m */ = {isa = PBXFileReference; fileEncoding = 4; lastKnownFileType = sourcecode.c.objc; path = "View+MASAdditions.m"; sourceTree = "<group>"; };
		B2DC45901A1C412400C55AA5 /* View+MASShorthandAdditions.h */ = {isa = PBXFileReference; fileEncoding = 4; lastKnownFileType = sourcecode.c.h; path = "View+MASShorthandAdditions.h"; sourceTree = "<group>"; };
		B2DC45921A1C412400C55AA5 /* SVProgressHUD.bundle */ = {isa = PBXFileReference; lastKnownFileType = "wrapper.plug-in"; path = SVProgressHUD.bundle; sourceTree = "<group>"; };
		B2DC45931A1C412400C55AA5 /* SVProgressHUD.h */ = {isa = PBXFileReference; fileEncoding = 4; lastKnownFileType = sourcecode.c.h; path = SVProgressHUD.h; sourceTree = "<group>"; };
		B2DC45941A1C412400C55AA5 /* SVProgressHUD.m */ = {isa = PBXFileReference; fileEncoding = 4; lastKnownFileType = sourcecode.c.objc; path = SVProgressHUD.m; sourceTree = "<group>"; };
		B2DC45971A1C412400C55AA5 /* MKAnnotationView+WebCache.h */ = {isa = PBXFileReference; fileEncoding = 4; lastKnownFileType = sourcecode.c.h; path = "MKAnnotationView+WebCache.h"; sourceTree = "<group>"; };
		B2DC45981A1C412400C55AA5 /* MKAnnotationView+WebCache.m */ = {isa = PBXFileReference; fileEncoding = 4; lastKnownFileType = sourcecode.c.objc; path = "MKAnnotationView+WebCache.m"; sourceTree = "<group>"; };
		B2DC45991A1C412400C55AA5 /* SDImageCache.h */ = {isa = PBXFileReference; fileEncoding = 4; lastKnownFileType = sourcecode.c.h; path = SDImageCache.h; sourceTree = "<group>"; };
		B2DC459A1A1C412400C55AA5 /* SDImageCache.m */ = {isa = PBXFileReference; fileEncoding = 4; lastKnownFileType = sourcecode.c.objc; path = SDImageCache.m; sourceTree = "<group>"; };
		B2DC459B1A1C412400C55AA5 /* SDImageCacheDelegate.h */ = {isa = PBXFileReference; fileEncoding = 4; lastKnownFileType = sourcecode.c.h; path = SDImageCacheDelegate.h; sourceTree = "<group>"; };
		B2DC459C1A1C412400C55AA5 /* SDWebImageCompat.h */ = {isa = PBXFileReference; fileEncoding = 4; lastKnownFileType = sourcecode.c.h; path = SDWebImageCompat.h; sourceTree = "<group>"; };
		B2DC459D1A1C412400C55AA5 /* SDWebImageDecoder.h */ = {isa = PBXFileReference; fileEncoding = 4; lastKnownFileType = sourcecode.c.h; path = SDWebImageDecoder.h; sourceTree = "<group>"; };
		B2DC459E1A1C412400C55AA5 /* SDWebImageDecoder.m */ = {isa = PBXFileReference; fileEncoding = 4; lastKnownFileType = sourcecode.c.objc; path = SDWebImageDecoder.m; sourceTree = "<group>"; };
		B2DC459F1A1C412400C55AA5 /* SDWebImageDownloader.h */ = {isa = PBXFileReference; fileEncoding = 4; lastKnownFileType = sourcecode.c.h; path = SDWebImageDownloader.h; sourceTree = "<group>"; };
		B2DC45A01A1C412400C55AA5 /* SDWebImageDownloader.m */ = {isa = PBXFileReference; fileEncoding = 4; lastKnownFileType = sourcecode.c.objc; path = SDWebImageDownloader.m; sourceTree = "<group>"; };
		B2DC45A11A1C412400C55AA5 /* SDWebImageDownloaderDelegate.h */ = {isa = PBXFileReference; fileEncoding = 4; lastKnownFileType = sourcecode.c.h; path = SDWebImageDownloaderDelegate.h; sourceTree = "<group>"; };
		B2DC45A21A1C412400C55AA5 /* SDWebImageManager.h */ = {isa = PBXFileReference; fileEncoding = 4; lastKnownFileType = sourcecode.c.h; path = SDWebImageManager.h; sourceTree = "<group>"; };
		B2DC45A31A1C412400C55AA5 /* SDWebImageManager.m */ = {isa = PBXFileReference; fileEncoding = 4; lastKnownFileType = sourcecode.c.objc; path = SDWebImageManager.m; sourceTree = "<group>"; };
		B2DC45A41A1C412400C55AA5 /* SDWebImageManagerDelegate.h */ = {isa = PBXFileReference; fileEncoding = 4; lastKnownFileType = sourcecode.c.h; path = SDWebImageManagerDelegate.h; sourceTree = "<group>"; };
		B2DC45A51A1C412400C55AA5 /* SDWebImagePrefetcher.h */ = {isa = PBXFileReference; fileEncoding = 4; lastKnownFileType = sourcecode.c.h; path = SDWebImagePrefetcher.h; sourceTree = "<group>"; };
		B2DC45A61A1C412400C55AA5 /* SDWebImagePrefetcher.m */ = {isa = PBXFileReference; fileEncoding = 4; lastKnownFileType = sourcecode.c.objc; path = SDWebImagePrefetcher.m; sourceTree = "<group>"; };
		B2DC45A71A1C412400C55AA5 /* UIButton+WebCache.h */ = {isa = PBXFileReference; fileEncoding = 4; lastKnownFileType = sourcecode.c.h; path = "UIButton+WebCache.h"; sourceTree = "<group>"; };
		B2DC45A81A1C412400C55AA5 /* UIButton+WebCache.m */ = {isa = PBXFileReference; fileEncoding = 4; lastKnownFileType = sourcecode.c.objc; path = "UIButton+WebCache.m"; sourceTree = "<group>"; };
		B2DC45A91A1C412400C55AA5 /* UIImageView+WebCache.h */ = {isa = PBXFileReference; fileEncoding = 4; lastKnownFileType = sourcecode.c.h; path = "UIImageView+WebCache.h"; sourceTree = "<group>"; };
		B2DC45AA1A1C412400C55AA5 /* UIImageView+WebCache.m */ = {isa = PBXFileReference; fileEncoding = 4; lastKnownFileType = sourcecode.c.objc; path = "UIImageView+WebCache.m"; sourceTree = "<group>"; };
		B2DC45AC1A1C412400C55AA5 /* UIImage+Alpha.h */ = {isa = PBXFileReference; fileEncoding = 4; lastKnownFileType = sourcecode.c.h; path = "UIImage+Alpha.h"; sourceTree = "<group>"; };
		B2DC45AD1A1C412400C55AA5 /* UIImage+Alpha.m */ = {isa = PBXFileReference; fileEncoding = 4; lastKnownFileType = sourcecode.c.objc; path = "UIImage+Alpha.m"; sourceTree = "<group>"; };
		B2DC45AE1A1C412400C55AA5 /* UIImage+Resize.h */ = {isa = PBXFileReference; fileEncoding = 4; lastKnownFileType = sourcecode.c.h; path = "UIImage+Resize.h"; sourceTree = "<group>"; };
		B2DC45AF1A1C412400C55AA5 /* UIImage+Resize.m */ = {isa = PBXFileReference; fileEncoding = 4; lastKnownFileType = sourcecode.c.objc; path = "UIImage+Resize.m"; sourceTree = "<group>"; };
		B2DC45B01A1C412400C55AA5 /* UIImage+RoundedCorner.h */ = {isa = PBXFileReference; fileEncoding = 4; lastKnownFileType = sourcecode.c.h; path = "UIImage+RoundedCorner.h"; sourceTree = "<group>"; };
		B2DC45B11A1C412400C55AA5 /* UIImage+RoundedCorner.m */ = {isa = PBXFileReference; fileEncoding = 4; lastKnownFileType = sourcecode.c.objc; path = "UIImage+RoundedCorner.m"; sourceTree = "<group>"; };
		B2DC45B21A1C412400C55AA5 /* UIImage+Scaling.h */ = {isa = PBXFileReference; fileEncoding = 4; lastKnownFileType = sourcecode.c.h; path = "UIImage+Scaling.h"; sourceTree = "<group>"; };
		B2DC45B31A1C412400C55AA5 /* UIImage+Scaling.m */ = {isa = PBXFileReference; fileEncoding = 4; lastKnownFileType = sourcecode.c.objc; path = "UIImage+Scaling.m"; sourceTree = "<group>"; };
		B2DC45D21A1C415A00C55AA5 /* BBProgressHUD.h */ = {isa = PBXFileReference; fileEncoding = 4; lastKnownFileType = sourcecode.c.h; path = BBProgressHUD.h; sourceTree = "<group>"; };
		B2DC45D31A1C415A00C55AA5 /* BBProgressHUD.m */ = {isa = PBXFileReference; fileEncoding = 4; lastKnownFileType = sourcecode.c.objc; path = BBProgressHUD.m; sourceTree = "<group>"; };
		B2DC45D41A1C415A00C55AA5 /* NSString+App.h */ = {isa = PBXFileReference; fileEncoding = 4; lastKnownFileType = sourcecode.c.h; path = "NSString+App.h"; sourceTree = "<group>"; };
		B2DC45D51A1C415A00C55AA5 /* NSString+App.m */ = {isa = PBXFileReference; fileEncoding = 4; lastKnownFileType = sourcecode.c.objc; path = "NSString+App.m"; sourceTree = "<group>"; };
		B2DC45D61A1C415A00C55AA5 /* WConfig.h */ = {isa = PBXFileReference; fileEncoding = 4; lastKnownFileType = sourcecode.c.h; path = WConfig.h; sourceTree = "<group>"; };
		B2DC45D71A1C415A00C55AA5 /* WConfig.m */ = {isa = PBXFileReference; fileEncoding = 4; lastKnownFileType = sourcecode.c.objc; path = WConfig.m; sourceTree = "<group>"; };
		B2DC45D81A1C415A00C55AA5 /* WUtils.h */ = {isa = PBXFileReference; fileEncoding = 4; lastKnownFileType = sourcecode.c.h; path = WUtils.h; sourceTree = "<group>"; };
		B2DC45D91A1C415A00C55AA5 /* WUtils.m */ = {isa = PBXFileReference; fileEncoding = 4; lastKnownFileType = sourcecode.c.objc; path = WUtils.m; sourceTree = "<group>"; };
		B2DC45DF1A1C741600C55AA5 /* app_icon_120.png */ = {isa = PBXFileReference; lastKnownFileType = image.png; path = app_icon_120.png; sourceTree = "<group>"; };
		B2DC45E01A1C741600C55AA5 /* app_icon_58.png */ = {isa = PBXFileReference; lastKnownFileType = image.png; path = app_icon_58.png; sourceTree = "<group>"; };
		B2DC45E11A1C741600C55AA5 /* app_icon_80.png */ = {isa = PBXFileReference; lastKnownFileType = image.png; path = app_icon_80.png; sourceTree = "<group>"; };
		B2DC45E21A1C741600C55AA5 /* icon_verified_email.png */ = {isa = PBXFileReference; lastKnownFileType = image.png; path = icon_verified_email.png; sourceTree = "<group>"; };
		B2DC45E31A1C741600C55AA5 /* icon_verified_identity_card.png */ = {isa = PBXFileReference; lastKnownFileType = image.png; path = icon_verified_identity_card.png; sourceTree = "<group>"; };
		B2DC45E41A1C741600C55AA5 /* icon_verified_phone.png */ = {isa = PBXFileReference; lastKnownFileType = image.png; path = icon_verified_phone.png; sourceTree = "<group>"; };
		B2DC45E51A1C741600C55AA5 /* icon_verified_sina_weibo.png */ = {isa = PBXFileReference; lastKnownFileType = image.png; path = icon_verified_sina_weibo.png; sourceTree = "<group>"; };
		B2DC45E61A1C741600C55AA5 /* menu_icon_logout.png */ = {isa = PBXFileReference; lastKnownFileType = image.png; path = menu_icon_logout.png; sourceTree = "<group>"; };
		B2DC45E71A1C741600C55AA5 /* menu_icon_logout@2x.png */ = {isa = PBXFileReference; lastKnownFileType = image.png; path = "menu_icon_logout@2x.png"; sourceTree = "<group>"; };
		B2DC45F11A1C8CB700C55AA5 /* WOrderCenter.h */ = {isa = PBXFileReference; fileEncoding = 4; lastKnownFileType = sourcecode.c.h; path = WOrderCenter.h; sourceTree = "<group>"; };
		B2DC45F21A1C8CB700C55AA5 /* WOrderCenter.m */ = {isa = PBXFileReference; fileEncoding = 4; lastKnownFileType = sourcecode.c.objc; path = WOrderCenter.m; sourceTree = "<group>"; };
		B2DC45F31A1C8CB700C55AA5 /* WOrderModel.h */ = {isa = PBXFileReference; fileEncoding = 4; lastKnownFileType = sourcecode.c.h; path = WOrderModel.h; sourceTree = "<group>"; };
		B2DC45F41A1C8CB700C55AA5 /* WOrderModel.m */ = {isa = PBXFileReference; fileEncoding = 4; lastKnownFileType = sourcecode.c.objc; path = WOrderModel.m; sourceTree = "<group>"; };
		B2DC45F71A1CC1ED00C55AA5 /* button_icon_menu.png */ = {isa = PBXFileReference; lastKnownFileType = image.png; path = button_icon_menu.png; sourceTree = "<group>"; };
		B2DC45F81A1CC1ED00C55AA5 /* button_icon_menu@2x.png */ = {isa = PBXFileReference; lastKnownFileType = image.png; path = "button_icon_menu@2x.png"; sourceTree = "<group>"; };
		F60D711D19F7E4030072F789 /* WSpaceCenter.h */ = {isa = PBXFileReference; fileEncoding = 4; lastKnownFileType = sourcecode.c.h; path = WSpaceCenter.h; sourceTree = "<group>"; };
		F60D711E19F7E4030072F789 /* WSpaceCenter.m */ = {isa = PBXFileReference; fileEncoding = 4; lastKnownFileType = sourcecode.c.objc; path = WSpaceCenter.m; sourceTree = "<group>"; };
		F60D711F19F7E4030072F789 /* WSpaceModel.h */ = {isa = PBXFileReference; fileEncoding = 4; lastKnownFileType = sourcecode.c.h; path = WSpaceModel.h; sourceTree = "<group>"; };
		F60D712019F7E4030072F789 /* WSpaceModel.m */ = {isa = PBXFileReference; fileEncoding = 4; lastKnownFileType = sourcecode.c.objc; path = WSpaceModel.m; sourceTree = "<group>"; };
		F60D712B19F815890072F789 /* FlatPillButton.h */ = {isa = PBXFileReference; fileEncoding = 4; lastKnownFileType = sourcecode.c.h; path = FlatPillButton.h; sourceTree = "<group>"; };
		F60D712C19F815890072F789 /* FlatPillButton.m */ = {isa = PBXFileReference; fileEncoding = 4; lastKnownFileType = sourcecode.c.objc; path = FlatPillButton.m; sourceTree = "<group>"; };
		F60D712E19F8C27C0072F789 /* WTextPageViewController.h */ = {isa = PBXFileReference; fileEncoding = 4; lastKnownFileType = sourcecode.c.h; name = WTextPageViewController.h; path = Controller/WTextPageViewController.h; sourceTree = "<group>"; };
		F60D712F19F8C27C0072F789 /* WTextPageViewController.m */ = {isa = PBXFileReference; fileEncoding = 4; lastKnownFileType = sourcecode.c.objc; name = WTextPageViewController.m; path = Controller/WTextPageViewController.m; sourceTree = "<group>"; };
		F60D713319F8E9250072F789 /* UILabel+dynamicSized.h */ = {isa = PBXFileReference; fileEncoding = 4; lastKnownFileType = sourcecode.c.h; path = "UILabel+dynamicSized.h"; sourceTree = "<group>"; };
		F60D713419F8E9250072F789 /* UILabel+dynamicSized.m */ = {isa = PBXFileReference; fileEncoding = 4; lastKnownFileType = sourcecode.c.objc; path = "UILabel+dynamicSized.m"; sourceTree = "<group>"; };
		F625AC391A0C6C1800CA1AB5 /* WHomeViewController.h */ = {isa = PBXFileReference; fileEncoding = 4; lastKnownFileType = sourcecode.c.h; name = WHomeViewController.h; path = Controller/WHomeViewController.h; sourceTree = "<group>"; };
		F625AC3A1A0C6C1800CA1AB5 /* WHomeViewController.m */ = {isa = PBXFileReference; fileEncoding = 4; lastKnownFileType = sourcecode.c.objc; name = WHomeViewController.m; path = Controller/WHomeViewController.m; sourceTree = "<group>"; };
		F625AC3B1A0C6C1800CA1AB5 /* WMenuViewController.h */ = {isa = PBXFileReference; fileEncoding = 4; lastKnownFileType = sourcecode.c.h; name = WMenuViewController.h; path = Controller/WMenuViewController.h; sourceTree = "<group>"; };
		F625AC3C1A0C6C1800CA1AB5 /* WMenuViewController.m */ = {isa = PBXFileReference; fileEncoding = 4; lastKnownFileType = sourcecode.c.objc; name = WMenuViewController.m; path = Controller/WMenuViewController.m; sourceTree = "<group>"; };
		F625AC3F1A0C7EAD00CA1AB5 /* WUserSignView.h */ = {isa = PBXFileReference; fileEncoding = 4; lastKnownFileType = sourcecode.c.h; path = WUserSignView.h; sourceTree = "<group>"; };
		F625AC401A0C7EAD00CA1AB5 /* WUserSignView.m */ = {isa = PBXFileReference; fileEncoding = 4; lastKnownFileType = sourcecode.c.objc; path = WUserSignView.m; sourceTree = "<group>"; };
		F66261B219CEC8F200C0B9ED /* QuartzCore.framework */ = {isa = PBXFileReference; lastKnownFileType = wrapper.framework; name = QuartzCore.framework; path = System/Library/Frameworks/QuartzCore.framework; sourceTree = SDKROOT; };
		F66261C619CF0EAB00C0B9ED /* WViewController.h */ = {isa = PBXFileReference; fileEncoding = 4; lastKnownFileType = sourcecode.c.h; name = WViewController.h; path = Controller/WViewController.h; sourceTree = "<group>"; };
		F66261C719CF0EAB00C0B9ED /* WViewController.m */ = {isa = PBXFileReference; fileEncoding = 4; lastKnownFileType = sourcecode.c.objc; name = WViewController.m; path = Controller/WViewController.m; sourceTree = "<group>"; };
		F66261C819CF0EAB00C0B9ED /* WViewController.xib */ = {isa = PBXFileReference; fileEncoding = 4; lastKnownFileType = file.xib; name = WViewController.xib; path = Controller/WViewController.xib; sourceTree = "<group>"; };
		F698732C1A00BADC003458AC /* WEventViewController.h */ = {isa = PBXFileReference; fileEncoding = 4; lastKnownFileType = sourcecode.c.h; name = WEventViewController.h; path = Controller/WEventViewController.h; sourceTree = "<group>"; };
		F698732D1A00BADC003458AC /* WEventViewController.m */ = {isa = PBXFileReference; fileEncoding = 4; lastKnownFileType = sourcecode.c.objc; name = WEventViewController.m; path = Controller/WEventViewController.m; sourceTree = "<group>"; };
		F698732E1A00BADC003458AC /* WEventViewController.xib */ = {isa = PBXFileReference; fileEncoding = 4; lastKnownFileType = file.xib; name = WEventViewController.xib; path = Controller/WEventViewController.xib; sourceTree = "<group>"; };
		F69873341A00E5BF003458AC /* WEventedTapGestureRecognizer.h */ = {isa = PBXFileReference; fileEncoding = 4; lastKnownFileType = sourcecode.c.h; path = WEventedTapGestureRecognizer.h; sourceTree = "<group>"; };
		F69873351A00E5BF003458AC /* WEventedTapGestureRecognizer.m */ = {isa = PBXFileReference; fileEncoding = 4; lastKnownFileType = sourcecode.c.objc; path = WEventedTapGestureRecognizer.m; sourceTree = "<group>"; };
		F698733A1A012A59003458AC /* WDetailViewController.h */ = {isa = PBXFileReference; fileEncoding = 4; lastKnownFileType = sourcecode.c.h; name = WDetailViewController.h; path = Controller/WDetailViewController.h; sourceTree = "<group>"; };
		F698733B1A012A59003458AC /* WDetailViewController.m */ = {isa = PBXFileReference; fileEncoding = 4; lastKnownFileType = sourcecode.c.objc; name = WDetailViewController.m; path = Controller/WDetailViewController.m; sourceTree = "<group>"; };
		F698733C1A012A59003458AC /* WDetailViewController.xib */ = {isa = PBXFileReference; fileEncoding = 4; lastKnownFileType = file.xib; name = WDetailViewController.xib; path = Controller/WDetailViewController.xib; sourceTree = "<group>"; };
		F698733F1A0131A2003458AC /* WUserPreviewView.h */ = {isa = PBXFileReference; fileEncoding = 4; lastKnownFileType = sourcecode.c.h; path = WUserPreviewView.h; sourceTree = "<group>"; };
		F69873401A0131A2003458AC /* WUserPreviewView.m */ = {isa = PBXFileReference; fileEncoding = 4; lastKnownFileType = sourcecode.c.objc; path = WUserPreviewView.m; sourceTree = "<group>"; };
		F69873451A01F645003458AC /* WUserModel.h */ = {isa = PBXFileReference; fileEncoding = 4; lastKnownFileType = sourcecode.c.h; path = WUserModel.h; sourceTree = "<group>"; };
		F69873461A01F645003458AC /* WUserModel.m */ = {isa = PBXFileReference; fileEncoding = 4; lastKnownFileType = sourcecode.c.objc; path = WUserModel.m; sourceTree = "<group>"; };
		F69873481A01F7AC003458AC /* WUserCenter.h */ = {isa = PBXFileReference; fileEncoding = 4; lastKnownFileType = sourcecode.c.h; path = WUserCenter.h; sourceTree = "<group>"; };
		F69873491A01F7AC003458AC /* WUserCenter.m */ = {isa = PBXFileReference; fileEncoding = 4; lastKnownFileType = sourcecode.c.objc; path = WUserCenter.m; sourceTree = "<group>"; };
		F698734B1A02575A003458AC /* WUserViewController.h */ = {isa = PBXFileReference; fileEncoding = 4; lastKnownFileType = sourcecode.c.h; name = WUserViewController.h; path = Controller/WUserViewController.h; sourceTree = "<group>"; };
		F698734C1A02575A003458AC /* WUserViewController.m */ = {isa = PBXFileReference; fileEncoding = 4; lastKnownFileType = sourcecode.c.objc; name = WUserViewController.m; path = Controller/WUserViewController.m; sourceTree = "<group>"; };
		F698734D1A02575A003458AC /* WUserViewController.xib */ = {isa = PBXFileReference; fileEncoding = 4; lastKnownFileType = file.xib; name = WUserViewController.xib; path = Controller/WUserViewController.xib; sourceTree = "<group>"; };
		F69873531A026D48003458AC /* WVerifiedView.h */ = {isa = PBXFileReference; fileEncoding = 4; lastKnownFileType = sourcecode.c.h; path = WVerifiedView.h; sourceTree = "<group>"; };
		F69873541A026D48003458AC /* WVerifiedView.m */ = {isa = PBXFileReference; fileEncoding = 4; lastKnownFileType = sourcecode.c.objc; path = WVerifiedView.m; sourceTree = "<group>"; };
		F6AEB04519F926E8002AA015 /* WBaseModel.h */ = {isa = PBXFileReference; fileEncoding = 4; lastKnownFileType = sourcecode.c.h; path = WBaseModel.h; sourceTree = "<group>"; };
		F6AEB04619F926E8002AA015 /* WBaseModel.m */ = {isa = PBXFileReference; fileEncoding = 4; lastKnownFileType = sourcecode.c.objc; path = WBaseModel.m; sourceTree = "<group>"; };
		F6B70BB11A162451005840DB /* WBaseViewController.h */ = {isa = PBXFileReference; fileEncoding = 4; lastKnownFileType = sourcecode.c.h; name = WBaseViewController.h; path = Controller/WBaseViewController.h; sourceTree = "<group>"; };
		F6B70BB21A162451005840DB /* WBaseViewController.m */ = {isa = PBXFileReference; fileEncoding = 4; lastKnownFileType = sourcecode.c.objc; name = WBaseViewController.m; path = Controller/WBaseViewController.m; sourceTree = "<group>"; };
		F6B838CD19FE98D800F7EDC9 /* WEventModel.h */ = {isa = PBXFileReference; fileEncoding = 4; lastKnownFileType = sourcecode.c.h; path = WEventModel.h; sourceTree = "<group>"; };
		F6B838CE19FE98D800F7EDC9 /* WEventModel.m */ = {isa = PBXFileReference; fileEncoding = 4; lastKnownFileType = sourcecode.c.objc; path = WEventModel.m; sourceTree = "<group>"; };
		F6B838D019FE9AAB00F7EDC9 /* WEventCenter.h */ = {isa = PBXFileReference; fileEncoding = 4; lastKnownFileType = sourcecode.c.h; path = WEventCenter.h; sourceTree = "<group>"; };
		F6B838D119FE9AAB00F7EDC9 /* WEventCenter.m */ = {isa = PBXFileReference; fileEncoding = 4; lastKnownFileType = sourcecode.c.objc; path = WEventCenter.m; sourceTree = "<group>"; };
		F6B838D319FEA2CB00F7EDC9 /* WEventPreviewView.h */ = {isa = PBXFileReference; fileEncoding = 4; lastKnownFileType = sourcecode.c.h; path = WEventPreviewView.h; sourceTree = "<group>"; };
		F6B838D419FEA2CB00F7EDC9 /* WEventPreviewView.m */ = {isa = PBXFileReference; fileEncoding = 4; lastKnownFileType = sourcecode.c.objc; path = WEventPreviewView.m; sourceTree = "<group>"; };
		F6C92AA51A067FC900B08E2C /* ImageIO.framework */ = {isa = PBXFileReference; lastKnownFileType = wrapper.framework; name = ImageIO.framework; path = System/Library/Frameworks/ImageIO.framework; sourceTree = SDKROOT; };
		F6C92AA71A067FFF00B08E2C /* MapKit.framework */ = {isa = PBXFileReference; lastKnownFileType = wrapper.framework; name = MapKit.framework; path = System/Library/Frameworks/MapKit.framework; sourceTree = SDKROOT; };
/* End PBXFileReference section */

/* Begin PBXFrameworksBuildPhase section */
		AA3F38DC17BD03410054A992 /* Frameworks */ = {
			isa = PBXFrameworksBuildPhase;
			buildActionMask = 2147483647;
			files = (
				F6C92AA81A067FFF00B08E2C /* MapKit.framework in Frameworks */,
				F6C92AA61A067FC900B08E2C /* ImageIO.framework in Frameworks */,
				F66261B319CEC8F200C0B9ED /* QuartzCore.framework in Frameworks */,
				B2A2F7CE19CD82BB006C9BB2 /* CFNetwork.framework in Frameworks */,
				B2A2F7CC19CD8291006C9BB2 /* libicucore.dylib in Frameworks */,
				B2A2F7CA19CD8277006C9BB2 /* MobileCoreServices.framework in Frameworks */,
				B2A2F7C819CD826A006C9BB2 /* SystemConfiguration.framework in Frameworks */,
				B2A2F7C619CD823E006C9BB2 /* CoreLocation.framework in Frameworks */,
				B2A2F7C419CD8233006C9BB2 /* CoreTelephony.framework in Frameworks */,
				B2A2F7C119CD799D006C9BB2 /* AVOSCloud.framework in Frameworks */,
				B2A2F7C219CD799D006C9BB2 /* AVOSCloudSNS.framework in Frameworks */,
				AA3F38E317BD03410054A992 /* UIKit.framework in Frameworks */,
				AA3F38E517BD03410054A992 /* Foundation.framework in Frameworks */,
				AA3F38E717BD03410054A992 /* CoreGraphics.framework in Frameworks */,
			);
			runOnlyForDeploymentPostprocessing = 0;
		};
/* End PBXFrameworksBuildPhase section */

/* Begin PBXGroup section */
		AA3F38D617BD03410054A992 = {
			isa = PBXGroup;
			children = (
				AA3F38E817BD03410054A992 /* CustomTableVeiwCellDemo */,
				AA3F38E117BD03410054A992 /* Frameworks */,
				AA3F38E017BD03410054A992 /* Products */,
			);
			sourceTree = "<group>";
		};
		AA3F38E017BD03410054A992 /* Products */ = {
			isa = PBXGroup;
			children = (
				AA3F38DF17BD03410054A992 /* CustomTableVeiwCellDemo.app */,
			);
			name = Products;
			sourceTree = "<group>";
		};
		AA3F38E117BD03410054A992 /* Frameworks */ = {
			isa = PBXGroup;
			children = (
				F6C92AA71A067FFF00B08E2C /* MapKit.framework */,
				F6C92AA51A067FC900B08E2C /* ImageIO.framework */,
				F66261B219CEC8F200C0B9ED /* QuartzCore.framework */,
				B2A2F7CD19CD82BB006C9BB2 /* CFNetwork.framework */,
				B2A2F7CB19CD8291006C9BB2 /* libicucore.dylib */,
				B2A2F7C919CD8277006C9BB2 /* MobileCoreServices.framework */,
				B2A2F7C719CD826A006C9BB2 /* SystemConfiguration.framework */,
				B2A2F7C519CD823E006C9BB2 /* CoreLocation.framework */,
				B2A2F7C319CD8233006C9BB2 /* CoreTelephony.framework */,
				B2A2F7BF19CD799D006C9BB2 /* AVOSCloud.framework */,
				B2A2F7C019CD799D006C9BB2 /* AVOSCloudSNS.framework */,
				AA3F38E217BD03410054A992 /* UIKit.framework */,
				AA3F38E417BD03410054A992 /* Foundation.framework */,
				AA3F38E617BD03410054A992 /* CoreGraphics.framework */,
			);
			name = Frameworks;
			sourceTree = "<group>";
		};
		AA3F38E817BD03410054A992 /* CustomTableVeiwCellDemo */ = {
			isa = PBXGroup;
			children = (
				B2DC45DE1A1C741600C55AA5 /* images */,
				B2DC45D11A1C415A00C55AA5 /* Utils */,
				B2DC456A1A1C411800C55AA5 /* libs */,
				F66261BD19CF062200C0B9ED /* Controller */,
				AA3F390917BD234B0054A992 /* View */,
				AA3F390517BD10B90054A992 /* Model */,
				AA3F38F117BD03410054A992 /* WAppDelegate.h */,
				AA3F38F217BD03410054A992 /* WAppDelegate.m */,
				AA3F38E917BD03410054A992 /* Supporting Files */,
			);
			path = CustomTableVeiwCellDemo;
			sourceTree = "<group>";
		};
		AA3F38E917BD03410054A992 /* Supporting Files */ = {
			isa = PBXGroup;
			children = (
				AA3F38EA17BD03410054A992 /* CustomTableVeiwCellDemo-Info.plist */,
				AA3F38EB17BD03410054A992 /* InfoPlist.strings */,
				AA3F38EE17BD03410054A992 /* main.m */,
				AA3F38F017BD03410054A992 /* CustomTableVeiwCellDemo-Prefix.pch */,
				AA3F38F417BD03410054A992 /* Default.png */,
				AA3F38F617BD03410054A992 /* Default@2x.png */,
				AA3F38F817BD03410054A992 /* Default-568h@2x.png */,
			);
			name = "Supporting Files";
			sourceTree = "<group>";
		};
		AA3F390517BD10B90054A992 /* Model */ = {
			isa = PBXGroup;
			children = (
				B2DC45F11A1C8CB700C55AA5 /* WOrderCenter.h */,
				B2DC45F21A1C8CB700C55AA5 /* WOrderCenter.m */,
				B2DC45F31A1C8CB700C55AA5 /* WOrderModel.h */,
				B2DC45F41A1C8CB700C55AA5 /* WOrderModel.m */,
				F69873481A01F7AC003458AC /* WUserCenter.h */,
				F69873491A01F7AC003458AC /* WUserCenter.m */,
				F6B838D019FE9AAB00F7EDC9 /* WEventCenter.h */,
				F6B838D119FE9AAB00F7EDC9 /* WEventCenter.m */,
				F60D711D19F7E4030072F789 /* WSpaceCenter.h */,
				F60D711E19F7E4030072F789 /* WSpaceCenter.m */,
				F60D711F19F7E4030072F789 /* WSpaceModel.h */,
				F60D712019F7E4030072F789 /* WSpaceModel.m */,
				F6AEB04519F926E8002AA015 /* WBaseModel.h */,
				F6AEB04619F926E8002AA015 /* WBaseModel.m */,
				F6B838CD19FE98D800F7EDC9 /* WEventModel.h */,
				F6B838CE19FE98D800F7EDC9 /* WEventModel.m */,
				F69873451A01F645003458AC /* WUserModel.h */,
				F69873461A01F645003458AC /* WUserModel.m */,
			);
			path = Model;
			sourceTree = "<group>";
		};
		AA3F390917BD234B0054A992 /* View */ = {
			isa = PBXGroup;
			children = (
				F69873531A026D48003458AC /* WVerifiedView.h */,
				F69873541A026D48003458AC /* WVerifiedView.m */,
				F6B838D319FEA2CB00F7EDC9 /* WEventPreviewView.h */,
				F6B838D419FEA2CB00F7EDC9 /* WEventPreviewView.m */,
				F60D712B19F815890072F789 /* FlatPillButton.h */,
				F60D712C19F815890072F789 /* FlatPillButton.m */,
				AA3F390A17BD243A0054A992 /* WProjectCell.h */,
				AA3F390B17BD243A0054A992 /* WProjectCell.m */,
				AA3F390D17BD250B0054A992 /* WProjectCell.xib */,
				F60D713319F8E9250072F789 /* UILabel+dynamicSized.h */,
				F60D713419F8E9250072F789 /* UILabel+dynamicSized.m */,
				F69873341A00E5BF003458AC /* WEventedTapGestureRecognizer.h */,
				F69873351A00E5BF003458AC /* WEventedTapGestureRecognizer.m */,
				F698733F1A0131A2003458AC /* WUserPreviewView.h */,
				F69873401A0131A2003458AC /* WUserPreviewView.m */,
				F625AC3F1A0C7EAD00CA1AB5 /* WUserSignView.h */,
				F625AC401A0C7EAD00CA1AB5 /* WUserSignView.m */,
			);
			path = View;
			sourceTree = "<group>";
		};
		B2DC456A1A1C411800C55AA5 /* libs */ = {
			isa = PBXGroup;
			children = (
				B2DC456B1A1C412400C55AA5 /* ecsliding_menu */,
				B2DC45791A1C412400C55AA5 /* Masonry */,
				B2DC45911A1C412400C55AA5 /* SVProgressHUD */,
				B2DC45951A1C412400C55AA5 /* WebImage */,
			);
			name = libs;
			sourceTree = "<group>";
		};
		B2DC456B1A1C412400C55AA5 /* ecsliding_menu */ = {
			isa = PBXGroup;
			children = (
				B2DC456C1A1C412400C55AA5 /* ECPercentDrivenInteractiveTransition.h */,
				B2DC456D1A1C412400C55AA5 /* ECPercentDrivenInteractiveTransition.m */,
				B2DC456E1A1C412400C55AA5 /* ECSlidingAnimationController.h */,
				B2DC456F1A1C412400C55AA5 /* ECSlidingAnimationController.m */,
				B2DC45701A1C412400C55AA5 /* ECSlidingConstants.h */,
				B2DC45711A1C412400C55AA5 /* ECSlidingInteractiveTransition.h */,
				B2DC45721A1C412400C55AA5 /* ECSlidingInteractiveTransition.m */,
				B2DC45731A1C412400C55AA5 /* ECSlidingSegue.h */,
				B2DC45741A1C412400C55AA5 /* ECSlidingSegue.m */,
				B2DC45751A1C412400C55AA5 /* ECSlidingViewController.h */,
				B2DC45761A1C412400C55AA5 /* ECSlidingViewController.m */,
				B2DC45771A1C412400C55AA5 /* UIViewController+ECSlidingViewController.h */,
				B2DC45781A1C412400C55AA5 /* UIViewController+ECSlidingViewController.m */,
			);
			name = ecsliding_menu;
			path = libs/ecsliding_menu;
			sourceTree = SOURCE_ROOT;
		};
		B2DC45791A1C412400C55AA5 /* Masonry */ = {
			isa = PBXGroup;
			children = (
				B2DC457A1A1C412400C55AA5 /* MASCompositeConstraint.h */,
				B2DC457B1A1C412400C55AA5 /* MASCompositeConstraint.m */,
				B2DC457C1A1C412400C55AA5 /* MASConstraint+Private.h */,
				B2DC457D1A1C412400C55AA5 /* MASConstraint.h */,
				B2DC457E1A1C412400C55AA5 /* MASConstraint.m */,
				B2DC457F1A1C412400C55AA5 /* MASConstraintMaker.h */,
				B2DC45801A1C412400C55AA5 /* MASConstraintMaker.m */,
				B2DC45811A1C412400C55AA5 /* MASLayoutConstraint.h */,
				B2DC45821A1C412400C55AA5 /* MASLayoutConstraint.m */,
				B2DC45831A1C412400C55AA5 /* Masonry.h */,
				B2DC45841A1C412400C55AA5 /* MASUtilities.h */,
				B2DC45851A1C412400C55AA5 /* MASViewAttribute.h */,
				B2DC45861A1C412400C55AA5 /* MASViewAttribute.m */,
				B2DC45871A1C412400C55AA5 /* MASViewConstraint.h */,
				B2DC45881A1C412400C55AA5 /* MASViewConstraint.m */,
				B2DC45891A1C412400C55AA5 /* NSArray+MASAdditions.h */,
				B2DC458A1A1C412400C55AA5 /* NSArray+MASAdditions.m */,
				B2DC458B1A1C412400C55AA5 /* NSArray+MASShorthandAdditions.h */,
				B2DC458C1A1C412400C55AA5 /* NSLayoutConstraint+MASDebugAdditions.h */,
				B2DC458D1A1C412400C55AA5 /* NSLayoutConstraint+MASDebugAdditions.m */,
				B2DC458E1A1C412400C55AA5 /* View+MASAdditions.h */,
				B2DC458F1A1C412400C55AA5 /* View+MASAdditions.m */,
				B2DC45901A1C412400C55AA5 /* View+MASShorthandAdditions.h */,
			);
			name = Masonry;
			path = libs/Masonry;
			sourceTree = SOURCE_ROOT;
		};
		B2DC45911A1C412400C55AA5 /* SVProgressHUD */ = {
			isa = PBXGroup;
			children = (
				B2DC45921A1C412400C55AA5 /* SVProgressHUD.bundle */,
				B2DC45931A1C412400C55AA5 /* SVProgressHUD.h */,
				B2DC45941A1C412400C55AA5 /* SVProgressHUD.m */,
			);
			name = SVProgressHUD;
			path = libs/SVProgressHUD;
			sourceTree = SOURCE_ROOT;
		};
		B2DC45951A1C412400C55AA5 /* WebImage */ = {
			isa = PBXGroup;
			children = (
				B2DC45961A1C412400C55AA5 /* SDWebImage */,
				B2DC45AB1A1C412400C55AA5 /* UIImage+Resize */,
			);
			name = WebImage;
			path = libs/WebImage;
			sourceTree = SOURCE_ROOT;
		};
		B2DC45961A1C412400C55AA5 /* SDWebImage */ = {
			isa = PBXGroup;
			children = (
				B2DC45971A1C412400C55AA5 /* MKAnnotationView+WebCache.h */,
				B2DC45981A1C412400C55AA5 /* MKAnnotationView+WebCache.m */,
				B2DC45991A1C412400C55AA5 /* SDImageCache.h */,
				B2DC459A1A1C412400C55AA5 /* SDImageCache.m */,
				B2DC459B1A1C412400C55AA5 /* SDImageCacheDelegate.h */,
				B2DC459C1A1C412400C55AA5 /* SDWebImageCompat.h */,
				B2DC459D1A1C412400C55AA5 /* SDWebImageDecoder.h */,
				B2DC459E1A1C412400C55AA5 /* SDWebImageDecoder.m */,
				B2DC459F1A1C412400C55AA5 /* SDWebImageDownloader.h */,
				B2DC45A01A1C412400C55AA5 /* SDWebImageDownloader.m */,
				B2DC45A11A1C412400C55AA5 /* SDWebImageDownloaderDelegate.h */,
				B2DC45A21A1C412400C55AA5 /* SDWebImageManager.h */,
				B2DC45A31A1C412400C55AA5 /* SDWebImageManager.m */,
				B2DC45A41A1C412400C55AA5 /* SDWebImageManagerDelegate.h */,
				B2DC45A51A1C412400C55AA5 /* SDWebImagePrefetcher.h */,
				B2DC45A61A1C412400C55AA5 /* SDWebImagePrefetcher.m */,
				B2DC45A71A1C412400C55AA5 /* UIButton+WebCache.h */,
				B2DC45A81A1C412400C55AA5 /* UIButton+WebCache.m */,
				B2DC45A91A1C412400C55AA5 /* UIImageView+WebCache.h */,
				B2DC45AA1A1C412400C55AA5 /* UIImageView+WebCache.m */,
			);
			path = SDWebImage;
			sourceTree = "<group>";
		};
		B2DC45AB1A1C412400C55AA5 /* UIImage+Resize */ = {
			isa = PBXGroup;
			children = (
				B2DC45AC1A1C412400C55AA5 /* UIImage+Alpha.h */,
				B2DC45AD1A1C412400C55AA5 /* UIImage+Alpha.m */,
				B2DC45AE1A1C412400C55AA5 /* UIImage+Resize.h */,
				B2DC45AF1A1C412400C55AA5 /* UIImage+Resize.m */,
				B2DC45B01A1C412400C55AA5 /* UIImage+RoundedCorner.h */,
				B2DC45B11A1C412400C55AA5 /* UIImage+RoundedCorner.m */,
				B2DC45B21A1C412400C55AA5 /* UIImage+Scaling.h */,
				B2DC45B31A1C412400C55AA5 /* UIImage+Scaling.m */,
			);
			path = "UIImage+Resize";
			sourceTree = "<group>";
		};
		B2DC45D11A1C415A00C55AA5 /* Utils */ = {
			isa = PBXGroup;
			children = (
				B2DC45D21A1C415A00C55AA5 /* BBProgressHUD.h */,
				B2DC45D31A1C415A00C55AA5 /* BBProgressHUD.m */,
				B2DC45D41A1C415A00C55AA5 /* NSString+App.h */,
				B2DC45D51A1C415A00C55AA5 /* NSString+App.m */,
				B2DC45D61A1C415A00C55AA5 /* WConfig.h */,
				B2DC45D71A1C415A00C55AA5 /* WConfig.m */,
				B2DC45D81A1C415A00C55AA5 /* WUtils.h */,
				B2DC45D91A1C415A00C55AA5 /* WUtils.m */,
			);
			path = Utils;
			sourceTree = "<group>";
		};
		B2DC45DE1A1C741600C55AA5 /* images */ = {
			isa = PBXGroup;
			children = (
				B2DC45F71A1CC1ED00C55AA5 /* button_icon_menu.png */,
				B2DC45F81A1CC1ED00C55AA5 /* button_icon_menu@2x.png */,
				B2DC45DF1A1C741600C55AA5 /* app_icon_120.png */,
				B2DC45E01A1C741600C55AA5 /* app_icon_58.png */,
				B2DC45E11A1C741600C55AA5 /* app_icon_80.png */,
				B2DC45E21A1C741600C55AA5 /* icon_verified_email.png */,
				B2DC45E31A1C741600C55AA5 /* icon_verified_identity_card.png */,
				B2DC45E41A1C741600C55AA5 /* icon_verified_phone.png */,
				B2DC45E51A1C741600C55AA5 /* icon_verified_sina_weibo.png */,
				B2DC45E61A1C741600C55AA5 /* menu_icon_logout.png */,
				B2DC45E71A1C741600C55AA5 /* menu_icon_logout@2x.png */,
			);
			path = images;
			sourceTree = "<group>";
		};
		F66261BD19CF062200C0B9ED /* Controller */ = {
			isa = PBXGroup;
			children = (
				B256486C1A1A489C0035FD16 /* SignCodeView.h */,
				B256486D1A1A489C0035FD16 /* SignCodeView.m */,
				B25648691A1A42AA0035FD16 /* SignUpView.h */,
				B256486A1A1A42AA0035FD16 /* SignUpView.m */,
				B25648661A19F1B10035FD16 /* LoginView.h */,
				B25648671A19F1B10035FD16 /* LoginView.m */,
				F625AC391A0C6C1800CA1AB5 /* WHomeViewController.h */,
				F625AC3A1A0C6C1800CA1AB5 /* WHomeViewController.m */,
				F625AC3B1A0C6C1800CA1AB5 /* WMenuViewController.h */,
				F625AC3C1A0C6C1800CA1AB5 /* WMenuViewController.m */,
				F698733A1A012A59003458AC /* WDetailViewController.h */,
				F698733B1A012A59003458AC /* WDetailViewController.m */,
				F698733C1A012A59003458AC /* WDetailViewController.xib */,
				F66261C619CF0EAB00C0B9ED /* WViewController.h */,
				F66261C719CF0EAB00C0B9ED /* WViewController.m */,
				F66261C819CF0EAB00C0B9ED /* WViewController.xib */,
				F60D712E19F8C27C0072F789 /* WTextPageViewController.h */,
				F60D712F19F8C27C0072F789 /* WTextPageViewController.m */,
				F698732C1A00BADC003458AC /* WEventViewController.h */,
				F698732D1A00BADC003458AC /* WEventViewController.m */,
				F698732E1A00BADC003458AC /* WEventViewController.xib */,
				F698734B1A02575A003458AC /* WUserViewController.h */,
				F698734C1A02575A003458AC /* WUserViewController.m */,
				F698734D1A02575A003458AC /* WUserViewController.xib */,
				F6B70BB11A162451005840DB /* WBaseViewController.h */,
				F6B70BB21A162451005840DB /* WBaseViewController.m */,
				B2A9234F1A19C6AA0055E6FF /* WUserDataViewController.h */,
				B2A923501A19C6AA0055E6FF /* WUserDataViewController.m */,
			);
			name = Controller;
			sourceTree = "<group>";
		};
/* End PBXGroup section */

/* Begin PBXNativeTarget section */
		AA3F38DE17BD03410054A992 /* CustomTableVeiwCellDemo */ = {
			isa = PBXNativeTarget;
			buildConfigurationList = AA3F390217BD03410054A992 /* Build configuration list for PBXNativeTarget "CustomTableVeiwCellDemo" */;
			buildPhases = (
				AA3F38DB17BD03410054A992 /* Sources */,
				AA3F38DC17BD03410054A992 /* Frameworks */,
				AA3F38DD17BD03410054A992 /* Resources */,
			);
			buildRules = (
			);
			dependencies = (
			);
			name = CustomTableVeiwCellDemo;
			productName = CustomTableVeiwCellDemo;
			productReference = AA3F38DF17BD03410054A992 /* CustomTableVeiwCellDemo.app */;
			productType = "com.apple.product-type.application";
		};
/* End PBXNativeTarget section */

/* Begin PBXProject section */
		AA3F38D717BD03410054A992 /* Project object */ = {
			isa = PBXProject;
			attributes = {
				CLASSPREFIX = W;
				LastUpgradeCheck = 0460;
				ORGANIZATIONNAME = wzrong;
			};
			buildConfigurationList = AA3F38DA17BD03410054A992 /* Build configuration list for PBXProject "CustomTableVeiwCellDemo" */;
			compatibilityVersion = "Xcode 3.2";
			developmentRegion = English;
			hasScannedForEncodings = 0;
			knownRegions = (
				en,
			);
			mainGroup = AA3F38D617BD03410054A992;
			productRefGroup = AA3F38E017BD03410054A992 /* Products */;
			projectDirPath = "";
			projectRoot = "";
			targets = (
				AA3F38DE17BD03410054A992 /* CustomTableVeiwCellDemo */,
			);
		};
/* End PBXProject section */

/* Begin PBXResourcesBuildPhase section */
		AA3F38DD17BD03410054A992 /* Resources */ = {
			isa = PBXResourcesBuildPhase;
			buildActionMask = 2147483647;
			files = (
				F66261CC19CF0EAB00C0B9ED /* WViewController.xib in Resources */,
				B2DC45C31A1C412400C55AA5 /* SVProgressHUD.bundle in Resources */,
				B2DC45EE1A1C741600C55AA5 /* icon_verified_sina_weibo.png in Resources */,
				B2DC45F91A1CC1ED00C55AA5 /* button_icon_menu.png in Resources */,
				B2DC45EC1A1C741600C55AA5 /* icon_verified_identity_card.png in Resources */,
				B2DC45E81A1C741600C55AA5 /* app_icon_120.png in Resources */,
				F69873301A00BADC003458AC /* WEventViewController.xib in Resources */,
				B2DC45F01A1C741600C55AA5 /* menu_icon_logout@2x.png in Resources */,
				B2DC45EF1A1C741600C55AA5 /* menu_icon_logout.png in Resources */,
				B2DC45EA1A1C741600C55AA5 /* app_icon_80.png in Resources */,
				AA3F38ED17BD03410054A992 /* InfoPlist.strings in Resources */,
				B2DC45ED1A1C741600C55AA5 /* icon_verified_phone.png in Resources */,
				B2DC45EB1A1C741600C55AA5 /* icon_verified_email.png in Resources */,
				B2DC45E91A1C741600C55AA5 /* app_icon_58.png in Resources */,
				F698733E1A012A59003458AC /* WDetailViewController.xib in Resources */,
				B2DC45FA1A1CC1ED00C55AA5 /* button_icon_menu@2x.png in Resources */,
				AA3F38F517BD03410054A992 /* Default.png in Resources */,
				AA3F38F717BD03410054A992 /* Default@2x.png in Resources */,
				F698734F1A02575A003458AC /* WUserViewController.xib in Resources */,
				AA3F38F917BD03410054A992 /* Default-568h@2x.png in Resources */,
				AA3F390E17BD250B0054A992 /* WProjectCell.xib in Resources */,
			);
			runOnlyForDeploymentPostprocessing = 0;
		};
/* End PBXResourcesBuildPhase section */

/* Begin PBXSourcesBuildPhase section */
		AA3F38DB17BD03410054A992 /* Sources */ = {
			isa = PBXSourcesBuildPhase;
			buildActionMask = 2147483647;
			files = (
				B2DC45C21A1C412400C55AA5 /* View+MASAdditions.m in Sources */,
				F698734A1A01F7AC003458AC /* WUserCenter.m in Sources */,
				B2DC45DA1A1C415A00C55AA5 /* BBProgressHUD.m in Sources */,
				B2DC45C91A1C412400C55AA5 /* SDWebImageManager.m in Sources */,
				B25648681A19F1B10035FD16 /* LoginView.m in Sources */,
				B2DC45CD1A1C412400C55AA5 /* UIImage+Alpha.m in Sources */,
				B2DC45C01A1C412400C55AA5 /* NSArray+MASAdditions.m in Sources */,
				B2DC45B51A1C412400C55AA5 /* ECSlidingAnimationController.m in Sources */,
				B2DC45BE1A1C412400C55AA5 /* MASViewAttribute.m in Sources */,
				B2DC45C61A1C412400C55AA5 /* SDImageCache.m in Sources */,
				F60D712219F7E4030072F789 /* WSpaceModel.m in Sources */,
				B2DC45C71A1C412400C55AA5 /* SDWebImageDecoder.m in Sources */,
				F625AC411A0C7EAD00CA1AB5 /* WUserSignView.m in Sources */,
				B2DC45DC1A1C415A00C55AA5 /* WConfig.m in Sources */,
				B2DC45CF1A1C412400C55AA5 /* UIImage+RoundedCorner.m in Sources */,
				F698734E1A02575A003458AC /* WUserViewController.m in Sources */,
				F6AEB04719F926E8002AA015 /* WBaseModel.m in Sources */,
				AA3F38EF17BD03410054A992 /* main.m in Sources */,
				B256486B1A1A42AA0035FD16 /* SignUpView.m in Sources */,
				B2DC45CA1A1C412400C55AA5 /* SDWebImagePrefetcher.m in Sources */,
				B2DC45BF1A1C412400C55AA5 /* MASViewConstraint.m in Sources */,
				F625AC3D1A0C6C1800CA1AB5 /* WHomeViewController.m in Sources */,
				B2DC45C51A1C412400C55AA5 /* MKAnnotationView+WebCache.m in Sources */,
				B2DC45CE1A1C412400C55AA5 /* UIImage+Resize.m in Sources */,
				B2DC45BC1A1C412400C55AA5 /* MASConstraintMaker.m in Sources */,
				B2A923511A19C6AA0055E6FF /* WUserDataViewController.m in Sources */,
				B2DC45F61A1C8CB700C55AA5 /* WOrderModel.m in Sources */,
				F6B838CF19FE98D800F7EDC9 /* WEventModel.m in Sources */,
				B2DC45B71A1C412400C55AA5 /* ECSlidingSegue.m in Sources */,
				B2DC45C41A1C412400C55AA5 /* SVProgressHUD.m in Sources */,
				F69873551A026D48003458AC /* WVerifiedView.m in Sources */,
				F625AC3E1A0C6C1800CA1AB5 /* WMenuViewController.m in Sources */,
				B2DC45BB1A1C412400C55AA5 /* MASConstraint.m in Sources */,
				B2DC45D01A1C412400C55AA5 /* UIImage+Scaling.m in Sources */,
				B256486E1A1A489C0035FD16 /* SignCodeView.m in Sources */,
				F60D713119F8C27C0072F789 /* WTextPageViewController.m in Sources */,
				B2DC45B81A1C412400C55AA5 /* ECSlidingViewController.m in Sources */,
				AA3F38F317BD03410054A992 /* WAppDelegate.m in Sources */,
				B2DC45CB1A1C412400C55AA5 /* UIButton+WebCache.m in Sources */,
				F60D712D19F815890072F789 /* FlatPillButton.m in Sources */,
				F60D712119F7E4030072F789 /* WSpaceCenter.m in Sources */,
				F69873361A00E5BF003458AC /* WEventedTapGestureRecognizer.m in Sources */,
				F66261CB19CF0EAB00C0B9ED /* WViewController.m in Sources */,
				B2DC45BA1A1C412400C55AA5 /* MASCompositeConstraint.m in Sources */,
				F698732F1A00BADC003458AC /* WEventViewController.m in Sources */,
				B2DC45B61A1C412400C55AA5 /* ECSlidingInteractiveTransition.m in Sources */,
				B2DC45F51A1C8CB700C55AA5 /* WOrderCenter.m in Sources */,
				B2DC45DD1A1C415A00C55AA5 /* WUtils.m in Sources */,
				F6B838D519FEA2CB00F7EDC9 /* WEventPreviewView.m in Sources */,
				F698733D1A012A59003458AC /* WDetailViewController.m in Sources */,
				B2DC45C81A1C412400C55AA5 /* SDWebImageDownloader.m in Sources */,
				B2DC45CC1A1C412400C55AA5 /* UIImageView+WebCache.m in Sources */,
				B2DC45B91A1C412400C55AA5 /* UIViewController+ECSlidingViewController.m in Sources */,
				F6B70BB31A162451005840DB /* WBaseViewController.m in Sources */,
				F69873411A0131A2003458AC /* WUserPreviewView.m in Sources */,
				B2DC45DB1A1C415A00C55AA5 /* NSString+App.m in Sources */,
				AA3F390C17BD243A0054A992 /* WProjectCell.m in Sources */,
				B2DC45C11A1C412400C55AA5 /* NSLayoutConstraint+MASDebugAdditions.m in Sources */,
				F69873471A01F645003458AC /* WUserModel.m in Sources */,
				B2DC45B41A1C412400C55AA5 /* ECPercentDrivenInteractiveTransition.m in Sources */,
				F6B838D219FE9AAB00F7EDC9 /* WEventCenter.m in Sources */,
				B2DC45BD1A1C412400C55AA5 /* MASLayoutConstraint.m in Sources */,
				F60D713519F8E9250072F789 /* UILabel+dynamicSized.m in Sources */,
			);
			runOnlyForDeploymentPostprocessing = 0;
		};
/* End PBXSourcesBuildPhase section */

/* Begin PBXVariantGroup section */
		AA3F38EB17BD03410054A992 /* InfoPlist.strings */ = {
			isa = PBXVariantGroup;
			children = (
				AA3F38EC17BD03410054A992 /* en */,
			);
			name = InfoPlist.strings;
			sourceTree = "<group>";
		};
/* End PBXVariantGroup section */

/* Begin XCBuildConfiguration section */
		AA3F390017BD03410054A992 /* Debug */ = {
			isa = XCBuildConfiguration;
			buildSettings = {
				ALWAYS_SEARCH_USER_PATHS = NO;
				CLANG_CXX_LANGUAGE_STANDARD = "gnu++0x";
				CLANG_CXX_LIBRARY = "libc++";
				CLANG_ENABLE_OBJC_ARC = YES;
				CLANG_WARN_CONSTANT_CONVERSION = YES;
				CLANG_WARN_EMPTY_BODY = YES;
				CLANG_WARN_ENUM_CONVERSION = YES;
				CLANG_WARN_INT_CONVERSION = YES;
				CLANG_WARN__DUPLICATE_METHOD_MATCH = YES;
				"CODE_SIGN_IDENTITY[sdk=iphoneos*]" = "iPhone Developer";
				COPY_PHASE_STRIP = NO;
				GCC_C_LANGUAGE_STANDARD = gnu99;
				GCC_DYNAMIC_NO_PIC = NO;
				GCC_OPTIMIZATION_LEVEL = 0;
				GCC_PREPROCESSOR_DEFINITIONS = (
					"DEBUG=1",
					"$(inherited)",
				);
				GCC_SYMBOLS_PRIVATE_EXTERN = NO;
				GCC_WARN_ABOUT_RETURN_TYPE = YES;
				GCC_WARN_UNINITIALIZED_AUTOS = YES;
				GCC_WARN_UNUSED_VARIABLE = YES;
				IPHONEOS_DEPLOYMENT_TARGET = 7.0;
				ONLY_ACTIVE_ARCH = NO;
				SDKROOT = iphoneos;
				VALID_ARCHS = "armv7 armv7s";
			};
			name = Debug;
		};
		AA3F390117BD03410054A992 /* Release */ = {
			isa = XCBuildConfiguration;
			buildSettings = {
				ALWAYS_SEARCH_USER_PATHS = NO;
				CLANG_CXX_LANGUAGE_STANDARD = "gnu++0x";
				CLANG_CXX_LIBRARY = "libc++";
				CLANG_ENABLE_OBJC_ARC = YES;
				CLANG_WARN_CONSTANT_CONVERSION = YES;
				CLANG_WARN_EMPTY_BODY = YES;
				CLANG_WARN_ENUM_CONVERSION = YES;
				CLANG_WARN_INT_CONVERSION = YES;
				CLANG_WARN__DUPLICATE_METHOD_MATCH = YES;
				"CODE_SIGN_IDENTITY[sdk=iphoneos*]" = "iPhone Developer";
				COPY_PHASE_STRIP = YES;
				GCC_C_LANGUAGE_STANDARD = gnu99;
				GCC_WARN_ABOUT_RETURN_TYPE = YES;
				GCC_WARN_UNINITIALIZED_AUTOS = YES;
				GCC_WARN_UNUSED_VARIABLE = YES;
				IPHONEOS_DEPLOYMENT_TARGET = 7.0;
				OTHER_CFLAGS = "-DNS_BLOCK_ASSERTIONS=1";
				SDKROOT = iphoneos;
				VALIDATE_PRODUCT = YES;
				VALID_ARCHS = "armv7 armv7s";
			};
			name = Release;
		};
		AA3F390317BD03410054A992 /* Debug */ = {
			isa = XCBuildConfiguration;
			buildSettings = {
				ARCHS = "$(ARCHS_STANDARD)";
				CLANG_ENABLE_OBJC_ARC = YES;
				FRAMEWORK_SEARCH_PATHS = (
					"$(inherited)",
					"$(PROJECT_DIR)/Frameworks",
				);
				GCC_PRECOMPILE_PREFIX_HEADER = YES;
				GCC_PREFIX_HEADER = "CustomTableVeiwCellDemo/CustomTableVeiwCellDemo-Prefix.pch";
				INFOPLIST_FILE = "CustomTableVeiwCellDemo/CustomTableVeiwCellDemo-Info.plist";
				IPHONEOS_DEPLOYMENT_TARGET = 7.0;
				ONLY_ACTIVE_ARCH = NO;
				PRODUCT_NAME = "$(TARGET_NAME)";
				VALID_ARCHS = "arm64 armv7 armv7s";
				WRAPPER_EXTENSION = app;
			};
			name = Debug;
		};
		AA3F390417BD03410054A992 /* Release */ = {
			isa = XCBuildConfiguration;
			buildSettings = {
				ARCHS = "$(ARCHS_STANDARD)";
				CLANG_ENABLE_OBJC_ARC = YES;
				FRAMEWORK_SEARCH_PATHS = (
					"$(inherited)",
					"$(PROJECT_DIR)/Frameworks",
				);
				GCC_PRECOMPILE_PREFIX_HEADER = YES;
				GCC_PREFIX_HEADER = "CustomTableVeiwCellDemo/CustomTableVeiwCellDemo-Prefix.pch";
				INFOPLIST_FILE = "CustomTableVeiwCellDemo/CustomTableVeiwCellDemo-Info.plist";
				IPHONEOS_DEPLOYMENT_TARGET = 7.0;
				PRODUCT_NAME = "$(TARGET_NAME)";
				VALID_ARCHS = "arm64 armv7 armv7s";
				WRAPPER_EXTENSION = app;
			};
			name = Release;
		};
/* End XCBuildConfiguration section */

/* Begin XCConfigurationList section */
		AA3F38DA17BD03410054A992 /* Build configuration list for PBXProject "CustomTableVeiwCellDemo" */ = {
			isa = XCConfigurationList;
			buildConfigurations = (
				AA3F390017BD03410054A992 /* Debug */,
				AA3F390117BD03410054A992 /* Release */,
			);
			defaultConfigurationIsVisible = 0;
			defaultConfigurationName = Release;
		};
		AA3F390217BD03410054A992 /* Build configuration list for PBXNativeTarget "CustomTableVeiwCellDemo" */ = {
			isa = XCConfigurationList;
			buildConfigurations = (
				AA3F390317BD03410054A992 /* Debug */,
				AA3F390417BD03410054A992 /* Release */,
			);
			defaultConfigurationIsVisible = 0;
			defaultConfigurationName = Release;
		};
/* End XCConfigurationList section */
	};
	rootObject = AA3F38D717BD03410054A992 /* Project object */;
}
