// !$*UTF8*$!
{
	archiveVersion = 1;
	classes = {
	};
	objectVersion = 46;
	objects = {

/* Begin PBXBuildFile section */
		AA3F38E317BD03410054A992 /* UIKit.framework in Frameworks */ = {isa = PBXBuildFile; fileRef = AA3F38E217BD03410054A992 /* UIKit.framework */; };
		AA3F38E517BD03410054A992 /* Foundation.framework in Frameworks */ = {isa = PBXBuildFile; fileRef = AA3F38E417BD03410054A992 /* Foundation.framework */; };
		AA3F38E717BD03410054A992 /* CoreGraphics.framework in Frameworks */ = {isa = PBXBuildFile; fileRef = AA3F38E617BD03410054A992 /* CoreGraphics.framework */; };
		AA3F38ED17BD03410054A992 /* InfoPlist.strings in Resources */ = {isa = PBXBuildFile; fileRef = AA3F38EB17BD03410054A992 /* InfoPlist.strings */; };
		AA3F38EF17BD03410054A992 /* main.m in Sources */ = {isa = PBXBuildFile; fileRef = AA3F38EE17BD03410054A992 /* main.m */; };
		AA3F38F317BD03410054A992 /* WAppDelegate.m in Sources */ = {isa = PBXBuildFile; fileRef = AA3F38F217BD03410054A992 /* WAppDelegate.m */; };
		AA3F38F517BD03410054A992 /* Default.png in Resources */ = {isa = PBXBuildFile; fileRef = AA3F38F417BD03410054A992 /* Default.png */; };
		AA3F38F717BD03410054A992 /* Default@2x.png in Resources */ = {isa = PBXBuildFile; fileRef = AA3F38F617BD03410054A992 /* Default@2x.png */; };
		AA3F38F917BD03410054A992 /* Default-568h@2x.png in Resources */ = {isa = PBXBuildFile; fileRef = AA3F38F817BD03410054A992 /* Default-568h@2x.png */; };
		AA3F390C17BD243A0054A992 /* WProjectCell.m in Sources */ = {isa = PBXBuildFile; fileRef = AA3F390B17BD243A0054A992 /* WProjectCell.m */; };
		AA3F390E17BD250B0054A992 /* WProjectCell.xib in Resources */ = {isa = PBXBuildFile; fileRef = AA3F390D17BD250B0054A992 /* WProjectCell.xib */; };
		B2A2F7C119CD799D006C9BB2 /* AVOSCloud.framework in Frameworks */ = {isa = PBXBuildFile; fileRef = B2A2F7BF19CD799D006C9BB2 /* AVOSCloud.framework */; };
		B2A2F7C219CD799D006C9BB2 /* AVOSCloudSNS.framework in Frameworks */ = {isa = PBXBuildFile; fileRef = B2A2F7C019CD799D006C9BB2 /* AVOSCloudSNS.framework */; };
		B2A2F7C419CD8233006C9BB2 /* CoreTelephony.framework in Frameworks */ = {isa = PBXBuildFile; fileRef = B2A2F7C319CD8233006C9BB2 /* CoreTelephony.framework */; };
		B2A2F7C619CD823E006C9BB2 /* CoreLocation.framework in Frameworks */ = {isa = PBXBuildFile; fileRef = B2A2F7C519CD823E006C9BB2 /* CoreLocation.framework */; };
		B2A2F7C819CD826A006C9BB2 /* SystemConfiguration.framework in Frameworks */ = {isa = PBXBuildFile; fileRef = B2A2F7C719CD826A006C9BB2 /* SystemConfiguration.framework */; };
		B2A2F7CA19CD8277006C9BB2 /* MobileCoreServices.framework in Frameworks */ = {isa = PBXBuildFile; fileRef = B2A2F7C919CD8277006C9BB2 /* MobileCoreServices.framework */; };
		B2A2F7CC19CD8291006C9BB2 /* libicucore.dylib in Frameworks */ = {isa = PBXBuildFile; fileRef = B2A2F7CB19CD8291006C9BB2 /* libicucore.dylib */; };
		B2A2F7CE19CD82BB006C9BB2 /* CFNetwork.framework in Frameworks */ = {isa = PBXBuildFile; fileRef = B2A2F7CD19CD82BB006C9BB2 /* CFNetwork.framework */; };
		F60D712119F7E4030072F789 /* WSpaceCenter.m in Sources */ = {isa = PBXBuildFile; fileRef = F60D711E19F7E4030072F789 /* WSpaceCenter.m */; };
		F60D712219F7E4030072F789 /* WSpaceModel.m in Sources */ = {isa = PBXBuildFile; fileRef = F60D712019F7E4030072F789 /* WSpaceModel.m */; };
		F60D712A19F7FD6C0072F789 /* WConfig.m in Sources */ = {isa = PBXBuildFile; fileRef = F60D712919F7FD6C0072F789 /* WConfig.m */; };
		F60D712D19F815890072F789 /* FlatPillButton.m in Sources */ = {isa = PBXBuildFile; fileRef = F60D712C19F815890072F789 /* FlatPillButton.m */; };
		F60D713119F8C27C0072F789 /* WTextPageViewController.m in Sources */ = {isa = PBXBuildFile; fileRef = F60D712F19F8C27C0072F789 /* WTextPageViewController.m */; };
		F60D713519F8E9250072F789 /* UILabel+dynamicSized.m in Sources */ = {isa = PBXBuildFile; fileRef = F60D713419F8E9250072F789 /* UILabel+dynamicSized.m */; };
		F66261B319CEC8F200C0B9ED /* QuartzCore.framework in Frameworks */ = {isa = PBXBuildFile; fileRef = F66261B219CEC8F200C0B9ED /* QuartzCore.framework */; };
		F66261CB19CF0EAB00C0B9ED /* WViewController.m in Sources */ = {isa = PBXBuildFile; fileRef = F66261C719CF0EAB00C0B9ED /* WViewController.m */; };
		F66261CC19CF0EAB00C0B9ED /* WViewController.xib in Resources */ = {isa = PBXBuildFile; fileRef = F66261C819CF0EAB00C0B9ED /* WViewController.xib */; };
		F698732F1A00BADC003458AC /* WEventViewController.m in Sources */ = {isa = PBXBuildFile; fileRef = F698732D1A00BADC003458AC /* WEventViewController.m */; };
		F69873301A00BADC003458AC /* WEventViewController.xib in Resources */ = {isa = PBXBuildFile; fileRef = F698732E1A00BADC003458AC /* WEventViewController.xib */; };
		F69873361A00E5BF003458AC /* WEventedTapGestureRecognizer.m in Sources */ = {isa = PBXBuildFile; fileRef = F69873351A00E5BF003458AC /* WEventedTapGestureRecognizer.m */; };
		F69873391A0120C5003458AC /* WUtils.m in Sources */ = {isa = PBXBuildFile; fileRef = F69873381A0120C5003458AC /* WUtils.m */; };
		F698733D1A012A59003458AC /* WDetailViewController.m in Sources */ = {isa = PBXBuildFile; fileRef = F698733B1A012A59003458AC /* WDetailViewController.m */; };
		F698733E1A012A59003458AC /* WDetailViewController.xib in Resources */ = {isa = PBXBuildFile; fileRef = F698733C1A012A59003458AC /* WDetailViewController.xib */; };
		F69873411A0131A2003458AC /* WUserPreviewView.m in Sources */ = {isa = PBXBuildFile; fileRef = F69873401A0131A2003458AC /* WUserPreviewView.m */; };
		F69873471A01F645003458AC /* WUserModel.m in Sources */ = {isa = PBXBuildFile; fileRef = F69873461A01F645003458AC /* WUserModel.m */; };
		F698734A1A01F7AC003458AC /* WUserCenter.m in Sources */ = {isa = PBXBuildFile; fileRef = F69873491A01F7AC003458AC /* WUserCenter.m */; };
		F698734E1A02575A003458AC /* WUserViewController.m in Sources */ = {isa = PBXBuildFile; fileRef = F698734C1A02575A003458AC /* WUserViewController.m */; };
		F698734F1A02575A003458AC /* WUserViewController.xib in Resources */ = {isa = PBXBuildFile; fileRef = F698734D1A02575A003458AC /* WUserViewController.xib */; };
		F69873551A026D48003458AC /* WVerifiedView.m in Sources */ = {isa = PBXBuildFile; fileRef = F69873541A026D48003458AC /* WVerifiedView.m */; };
		F698735A1A027630003458AC /* icon_verified_email.png in Resources */ = {isa = PBXBuildFile; fileRef = F69873561A027630003458AC /* icon_verified_email.png */; };
		F698735B1A027630003458AC /* icon_verified_identity_card.png in Resources */ = {isa = PBXBuildFile; fileRef = F69873571A027630003458AC /* icon_verified_identity_card.png */; };
		F698735C1A027630003458AC /* icon_verified_phone.png in Resources */ = {isa = PBXBuildFile; fileRef = F69873581A027630003458AC /* icon_verified_phone.png */; };
		F698735D1A027630003458AC /* icon_verified_sina_weibo.png in Resources */ = {isa = PBXBuildFile; fileRef = F69873591A027630003458AC /* icon_verified_sina_weibo.png */; };
		F69873611A028265003458AC /* app_icon_58.png in Resources */ = {isa = PBXBuildFile; fileRef = F698735E1A028265003458AC /* app_icon_58.png */; };
		F69873621A028265003458AC /* app_icon_80.png in Resources */ = {isa = PBXBuildFile; fileRef = F698735F1A028265003458AC /* app_icon_80.png */; };
		F69873631A028265003458AC /* app_icon_120.png in Resources */ = {isa = PBXBuildFile; fileRef = F69873601A028265003458AC /* app_icon_120.png */; };
		F6AEB04719F926E8002AA015 /* WBaseModel.m in Sources */ = {isa = PBXBuildFile; fileRef = F6AEB04619F926E8002AA015 /* WBaseModel.m */; };
		F6AEB0A719FA0F55002AA015 /* MASCompositeConstraint.m in Sources */ = {isa = PBXBuildFile; fileRef = F6AEB09119FA0F55002AA015 /* MASCompositeConstraint.m */; };
		F6AEB0A819FA0F55002AA015 /* MASConstraint.m in Sources */ = {isa = PBXBuildFile; fileRef = F6AEB09319FA0F55002AA015 /* MASConstraint.m */; };
		F6AEB0A919FA0F55002AA015 /* MASConstraintMaker.m in Sources */ = {isa = PBXBuildFile; fileRef = F6AEB09619FA0F55002AA015 /* MASConstraintMaker.m */; };
		F6AEB0AA19FA0F55002AA015 /* MASLayoutConstraint.m in Sources */ = {isa = PBXBuildFile; fileRef = F6AEB09819FA0F55002AA015 /* MASLayoutConstraint.m */; };
		F6AEB0AB19FA0F55002AA015 /* MASViewAttribute.m in Sources */ = {isa = PBXBuildFile; fileRef = F6AEB09C19FA0F55002AA015 /* MASViewAttribute.m */; };
		F6AEB0AC19FA0F55002AA015 /* MASViewConstraint.m in Sources */ = {isa = PBXBuildFile; fileRef = F6AEB09E19FA0F55002AA015 /* MASViewConstraint.m */; };
		F6AEB0AD19FA0F55002AA015 /* NSArray+MASAdditions.m in Sources */ = {isa = PBXBuildFile; fileRef = F6AEB0A019FA0F55002AA015 /* NSArray+MASAdditions.m */; };
		F6AEB0AE19FA0F55002AA015 /* NSLayoutConstraint+MASDebugAdditions.m in Sources */ = {isa = PBXBuildFile; fileRef = F6AEB0A319FA0F55002AA015 /* NSLayoutConstraint+MASDebugAdditions.m */; };
		F6AEB0AF19FA0F55002AA015 /* View+MASAdditions.m in Sources */ = {isa = PBXBuildFile; fileRef = F6AEB0A519FA0F55002AA015 /* View+MASAdditions.m */; };
		F6B838CF19FE98D800F7EDC9 /* WEventModel.m in Sources */ = {isa = PBXBuildFile; fileRef = F6B838CE19FE98D800F7EDC9 /* WEventModel.m */; };
		F6B838D219FE9AAB00F7EDC9 /* WEventCenter.m in Sources */ = {isa = PBXBuildFile; fileRef = F6B838D119FE9AAB00F7EDC9 /* WEventCenter.m */; };
		F6B838D519FEA2CB00F7EDC9 /* WEventPreviewView.m in Sources */ = {isa = PBXBuildFile; fileRef = F6B838D419FEA2CB00F7EDC9 /* WEventPreviewView.m */; };
		F6C92A991A067E6D00B08E2C /* MKAnnotationView+WebCache.m in Sources */ = {isa = PBXBuildFile; fileRef = F6C92A7D1A067E6D00B08E2C /* MKAnnotationView+WebCache.m */; };
		F6C92A9A1A067E6D00B08E2C /* SDImageCache.m in Sources */ = {isa = PBXBuildFile; fileRef = F6C92A7F1A067E6D00B08E2C /* SDImageCache.m */; };
		F6C92A9B1A067E6D00B08E2C /* SDWebImageDecoder.m in Sources */ = {isa = PBXBuildFile; fileRef = F6C92A831A067E6D00B08E2C /* SDWebImageDecoder.m */; };
		F6C92A9C1A067E6D00B08E2C /* SDWebImageDownloader.m in Sources */ = {isa = PBXBuildFile; fileRef = F6C92A851A067E6D00B08E2C /* SDWebImageDownloader.m */; };
		F6C92A9D1A067E6D00B08E2C /* SDWebImageManager.m in Sources */ = {isa = PBXBuildFile; fileRef = F6C92A881A067E6D00B08E2C /* SDWebImageManager.m */; };
		F6C92A9E1A067E6D00B08E2C /* SDWebImagePrefetcher.m in Sources */ = {isa = PBXBuildFile; fileRef = F6C92A8B1A067E6D00B08E2C /* SDWebImagePrefetcher.m */; };
		F6C92A9F1A067E6D00B08E2C /* UIButton+WebCache.m in Sources */ = {isa = PBXBuildFile; fileRef = F6C92A8D1A067E6D00B08E2C /* UIButton+WebCache.m */; };
		F6C92AA01A067E6D00B08E2C /* UIImageView+WebCache.m in Sources */ = {isa = PBXBuildFile; fileRef = F6C92A8F1A067E6D00B08E2C /* UIImageView+WebCache.m */; };
		F6C92AA11A067E6D00B08E2C /* UIImage+Alpha.m in Sources */ = {isa = PBXBuildFile; fileRef = F6C92A921A067E6D00B08E2C /* UIImage+Alpha.m */; };
		F6C92AA21A067E6D00B08E2C /* UIImage+Resize.m in Sources */ = {isa = PBXBuildFile; fileRef = F6C92A941A067E6D00B08E2C /* UIImage+Resize.m */; };
		F6C92AA31A067E6D00B08E2C /* UIImage+RoundedCorner.m in Sources */ = {isa = PBXBuildFile; fileRef = F6C92A961A067E6D00B08E2C /* UIImage+RoundedCorner.m */; };
		F6C92AA41A067E6D00B08E2C /* UIImage+Scaling.m in Sources */ = {isa = PBXBuildFile; fileRef = F6C92A981A067E6D00B08E2C /* UIImage+Scaling.m */; };
		F6C92AA61A067FC900B08E2C /* ImageIO.framework in Frameworks */ = {isa = PBXBuildFile; fileRef = F6C92AA51A067FC900B08E2C /* ImageIO.framework */; };
		F6C92AA81A067FFF00B08E2C /* MapKit.framework in Frameworks */ = {isa = PBXBuildFile; fileRef = F6C92AA71A067FFF00B08E2C /* MapKit.framework */; };
/* End PBXBuildFile section */

/* Begin PBXFileReference section */
		AA3F38DF17BD03410054A992 /* CustomTableVeiwCellDemo.app */ = {isa = PBXFileReference; explicitFileType = wrapper.application; includeInIndex = 0; path = CustomTableVeiwCellDemo.app; sourceTree = BUILT_PRODUCTS_DIR; };
		AA3F38E217BD03410054A992 /* UIKit.framework */ = {isa = PBXFileReference; lastKnownFileType = wrapper.framework; name = UIKit.framework; path = System/Library/Frameworks/UIKit.framework; sourceTree = SDKROOT; };
		AA3F38E417BD03410054A992 /* Foundation.framework */ = {isa = PBXFileReference; lastKnownFileType = wrapper.framework; name = Foundation.framework; path = System/Library/Frameworks/Foundation.framework; sourceTree = SDKROOT; };
		AA3F38E617BD03410054A992 /* CoreGraphics.framework */ = {isa = PBXFileReference; lastKnownFileType = wrapper.framework; name = CoreGraphics.framework; path = System/Library/Frameworks/CoreGraphics.framework; sourceTree = SDKROOT; };
		AA3F38EA17BD03410054A992 /* CustomTableVeiwCellDemo-Info.plist */ = {isa = PBXFileReference; lastKnownFileType = text.plist.xml; path = "CustomTableVeiwCellDemo-Info.plist"; sourceTree = "<group>"; };
		AA3F38EC17BD03410054A992 /* en */ = {isa = PBXFileReference; lastKnownFileType = text.plist.strings; name = en; path = en.lproj/InfoPlist.strings; sourceTree = "<group>"; };
		AA3F38EE17BD03410054A992 /* main.m */ = {isa = PBXFileReference; lastKnownFileType = sourcecode.c.objc; path = main.m; sourceTree = "<group>"; };
		AA3F38F017BD03410054A992 /* CustomTableVeiwCellDemo-Prefix.pch */ = {isa = PBXFileReference; lastKnownFileType = sourcecode.c.h; path = "CustomTableVeiwCellDemo-Prefix.pch"; sourceTree = "<group>"; };
		AA3F38F117BD03410054A992 /* WAppDelegate.h */ = {isa = PBXFileReference; lastKnownFileType = sourcecode.c.h; path = WAppDelegate.h; sourceTree = "<group>"; };
		AA3F38F217BD03410054A992 /* WAppDelegate.m */ = {isa = PBXFileReference; lastKnownFileType = sourcecode.c.objc; path = WAppDelegate.m; sourceTree = "<group>"; };
		AA3F38F417BD03410054A992 /* Default.png */ = {isa = PBXFileReference; lastKnownFileType = image.png; path = Default.png; sourceTree = "<group>"; };
		AA3F38F617BD03410054A992 /* Default@2x.png */ = {isa = PBXFileReference; lastKnownFileType = image.png; path = "Default@2x.png"; sourceTree = "<group>"; };
		AA3F38F817BD03410054A992 /* Default-568h@2x.png */ = {isa = PBXFileReference; lastKnownFileType = image.png; path = "Default-568h@2x.png"; sourceTree = "<group>"; };
		AA3F390A17BD243A0054A992 /* WProjectCell.h */ = {isa = PBXFileReference; fileEncoding = 4; lastKnownFileType = sourcecode.c.h; path = WProjectCell.h; sourceTree = "<group>"; };
		AA3F390B17BD243A0054A992 /* WProjectCell.m */ = {isa = PBXFileReference; fileEncoding = 4; lastKnownFileType = sourcecode.c.objc; path = WProjectCell.m; sourceTree = "<group>"; };
		AA3F390D17BD250B0054A992 /* WProjectCell.xib */ = {isa = PBXFileReference; fileEncoding = 4; lastKnownFileType = file.xib; path = WProjectCell.xib; sourceTree = "<group>"; };
		B2A2F7BF19CD799D006C9BB2 /* AVOSCloud.framework */ = {isa = PBXFileReference; lastKnownFileType = wrapper.framework; name = AVOSCloud.framework; path = Frameworks/AVOSCloud.framework; sourceTree = "<group>"; };
		B2A2F7C019CD799D006C9BB2 /* AVOSCloudSNS.framework */ = {isa = PBXFileReference; lastKnownFileType = wrapper.framework; name = AVOSCloudSNS.framework; path = Frameworks/AVOSCloudSNS.framework; sourceTree = "<group>"; };
		B2A2F7C319CD8233006C9BB2 /* CoreTelephony.framework */ = {isa = PBXFileReference; lastKnownFileType = wrapper.framework; name = CoreTelephony.framework; path = System/Library/Frameworks/CoreTelephony.framework; sourceTree = SDKROOT; };
		B2A2F7C519CD823E006C9BB2 /* CoreLocation.framework */ = {isa = PBXFileReference; lastKnownFileType = wrapper.framework; name = CoreLocation.framework; path = System/Library/Frameworks/CoreLocation.framework; sourceTree = SDKROOT; };
		B2A2F7C719CD826A006C9BB2 /* SystemConfiguration.framework */ = {isa = PBXFileReference; lastKnownFileType = wrapper.framework; name = SystemConfiguration.framework; path = System/Library/Frameworks/SystemConfiguration.framework; sourceTree = SDKROOT; };
		B2A2F7C919CD8277006C9BB2 /* MobileCoreServices.framework */ = {isa = PBXFileReference; lastKnownFileType = wrapper.framework; name = MobileCoreServices.framework; path = System/Library/Frameworks/MobileCoreServices.framework; sourceTree = SDKROOT; };
		B2A2F7CB19CD8291006C9BB2 /* libicucore.dylib */ = {isa = PBXFileReference; lastKnownFileType = "compiled.mach-o.dylib"; name = libicucore.dylib; path = usr/lib/libicucore.dylib; sourceTree = SDKROOT; };
		B2A2F7CD19CD82BB006C9BB2 /* CFNetwork.framework */ = {isa = PBXFileReference; lastKnownFileType = wrapper.framework; name = CFNetwork.framework; path = System/Library/Frameworks/CFNetwork.framework; sourceTree = SDKROOT; };
		F60D711D19F7E4030072F789 /* WSpaceCenter.h */ = {isa = PBXFileReference; fileEncoding = 4; lastKnownFileType = sourcecode.c.h; path = WSpaceCenter.h; sourceTree = "<group>"; };
		F60D711E19F7E4030072F789 /* WSpaceCenter.m */ = {isa = PBXFileReference; fileEncoding = 4; lastKnownFileType = sourcecode.c.objc; path = WSpaceCenter.m; sourceTree = "<group>"; };
		F60D711F19F7E4030072F789 /* WSpaceModel.h */ = {isa = PBXFileReference; fileEncoding = 4; lastKnownFileType = sourcecode.c.h; path = WSpaceModel.h; sourceTree = "<group>"; };
		F60D712019F7E4030072F789 /* WSpaceModel.m */ = {isa = PBXFileReference; fileEncoding = 4; lastKnownFileType = sourcecode.c.objc; path = WSpaceModel.m; sourceTree = "<group>"; };
		F60D712819F7FD6C0072F789 /* WConfig.h */ = {isa = PBXFileReference; fileEncoding = 4; lastKnownFileType = sourcecode.c.h; path = WConfig.h; sourceTree = "<group>"; };
		F60D712919F7FD6C0072F789 /* WConfig.m */ = {isa = PBXFileReference; fileEncoding = 4; lastKnownFileType = sourcecode.c.objc; path = WConfig.m; sourceTree = "<group>"; };
		F60D712B19F815890072F789 /* FlatPillButton.h */ = {isa = PBXFileReference; fileEncoding = 4; lastKnownFileType = sourcecode.c.h; path = FlatPillButton.h; sourceTree = "<group>"; };
		F60D712C19F815890072F789 /* FlatPillButton.m */ = {isa = PBXFileReference; fileEncoding = 4; lastKnownFileType = sourcecode.c.objc; path = FlatPillButton.m; sourceTree = "<group>"; };
		F60D712E19F8C27C0072F789 /* WTextPageViewController.h */ = {isa = PBXFileReference; fileEncoding = 4; lastKnownFileType = sourcecode.c.h; name = WTextPageViewController.h; path = Controller/WTextPageViewController.h; sourceTree = "<group>"; };
		F60D712F19F8C27C0072F789 /* WTextPageViewController.m */ = {isa = PBXFileReference; fileEncoding = 4; lastKnownFileType = sourcecode.c.objc; name = WTextPageViewController.m; path = Controller/WTextPageViewController.m; sourceTree = "<group>"; };
		F60D713319F8E9250072F789 /* UILabel+dynamicSized.h */ = {isa = PBXFileReference; fileEncoding = 4; lastKnownFileType = sourcecode.c.h; path = "UILabel+dynamicSized.h"; sourceTree = "<group>"; };
		F60D713419F8E9250072F789 /* UILabel+dynamicSized.m */ = {isa = PBXFileReference; fileEncoding = 4; lastKnownFileType = sourcecode.c.objc; path = "UILabel+dynamicSized.m"; sourceTree = "<group>"; };
		F66261B219CEC8F200C0B9ED /* QuartzCore.framework */ = {isa = PBXFileReference; lastKnownFileType = wrapper.framework; name = QuartzCore.framework; path = System/Library/Frameworks/QuartzCore.framework; sourceTree = SDKROOT; };
		F66261C619CF0EAB00C0B9ED /* WViewController.h */ = {isa = PBXFileReference; fileEncoding = 4; lastKnownFileType = sourcecode.c.h; name = WViewController.h; path = Controller/WViewController.h; sourceTree = "<group>"; };
		F66261C719CF0EAB00C0B9ED /* WViewController.m */ = {isa = PBXFileReference; fileEncoding = 4; lastKnownFileType = sourcecode.c.objc; name = WViewController.m; path = Controller/WViewController.m; sourceTree = "<group>"; };
		F66261C819CF0EAB00C0B9ED /* WViewController.xib */ = {isa = PBXFileReference; fileEncoding = 4; lastKnownFileType = file.xib; name = WViewController.xib; path = Controller/WViewController.xib; sourceTree = "<group>"; };
		F698732C1A00BADC003458AC /* WEventViewController.h */ = {isa = PBXFileReference; fileEncoding = 4; lastKnownFileType = sourcecode.c.h; name = WEventViewController.h; path = Controller/WEventViewController.h; sourceTree = "<group>"; };
		F698732D1A00BADC003458AC /* WEventViewController.m */ = {isa = PBXFileReference; fileEncoding = 4; lastKnownFileType = sourcecode.c.objc; name = WEventViewController.m; path = Controller/WEventViewController.m; sourceTree = "<group>"; };
		F698732E1A00BADC003458AC /* WEventViewController.xib */ = {isa = PBXFileReference; fileEncoding = 4; lastKnownFileType = file.xib; name = WEventViewController.xib; path = Controller/WEventViewController.xib; sourceTree = "<group>"; };
		F69873341A00E5BF003458AC /* WEventedTapGestureRecognizer.h */ = {isa = PBXFileReference; fileEncoding = 4; lastKnownFileType = sourcecode.c.h; path = WEventedTapGestureRecognizer.h; sourceTree = "<group>"; };
		F69873351A00E5BF003458AC /* WEventedTapGestureRecognizer.m */ = {isa = PBXFileReference; fileEncoding = 4; lastKnownFileType = sourcecode.c.objc; path = WEventedTapGestureRecognizer.m; sourceTree = "<group>"; };
		F69873371A0120C5003458AC /* WUtils.h */ = {isa = PBXFileReference; fileEncoding = 4; lastKnownFileType = sourcecode.c.h; path = WUtils.h; sourceTree = "<group>"; };
		F69873381A0120C5003458AC /* WUtils.m */ = {isa = PBXFileReference; fileEncoding = 4; lastKnownFileType = sourcecode.c.objc; path = WUtils.m; sourceTree = "<group>"; };
		F698733A1A012A59003458AC /* WDetailViewController.h */ = {isa = PBXFileReference; fileEncoding = 4; lastKnownFileType = sourcecode.c.h; name = WDetailViewController.h; path = Controller/WDetailViewController.h; sourceTree = "<group>"; };
		F698733B1A012A59003458AC /* WDetailViewController.m */ = {isa = PBXFileReference; fileEncoding = 4; lastKnownFileType = sourcecode.c.objc; name = WDetailViewController.m; path = Controller/WDetailViewController.m; sourceTree = "<group>"; };
		F698733C1A012A59003458AC /* WDetailViewController.xib */ = {isa = PBXFileReference; fileEncoding = 4; lastKnownFileType = file.xib; name = WDetailViewController.xib; path = Controller/WDetailViewController.xib; sourceTree = "<group>"; };
		F698733F1A0131A2003458AC /* WUserPreviewView.h */ = {isa = PBXFileReference; fileEncoding = 4; lastKnownFileType = sourcecode.c.h; path = WUserPreviewView.h; sourceTree = "<group>"; };
		F69873401A0131A2003458AC /* WUserPreviewView.m */ = {isa = PBXFileReference; fileEncoding = 4; lastKnownFileType = sourcecode.c.objc; path = WUserPreviewView.m; sourceTree = "<group>"; };
		F69873451A01F645003458AC /* WUserModel.h */ = {isa = PBXFileReference; fileEncoding = 4; lastKnownFileType = sourcecode.c.h; path = WUserModel.h; sourceTree = "<group>"; };
		F69873461A01F645003458AC /* WUserModel.m */ = {isa = PBXFileReference; fileEncoding = 4; lastKnownFileType = sourcecode.c.objc; path = WUserModel.m; sourceTree = "<group>"; };
		F69873481A01F7AC003458AC /* WUserCenter.h */ = {isa = PBXFileReference; fileEncoding = 4; lastKnownFileType = sourcecode.c.h; path = WUserCenter.h; sourceTree = "<group>"; };
		F69873491A01F7AC003458AC /* WUserCenter.m */ = {isa = PBXFileReference; fileEncoding = 4; lastKnownFileType = sourcecode.c.objc; path = WUserCenter.m; sourceTree = "<group>"; };
		F698734B1A02575A003458AC /* WUserViewController.h */ = {isa = PBXFileReference; fileEncoding = 4; lastKnownFileType = sourcecode.c.h; name = WUserViewController.h; path = Controller/WUserViewController.h; sourceTree = "<group>"; };
		F698734C1A02575A003458AC /* WUserViewController.m */ = {isa = PBXFileReference; fileEncoding = 4; lastKnownFileType = sourcecode.c.objc; name = WUserViewController.m; path = Controller/WUserViewController.m; sourceTree = "<group>"; };
		F698734D1A02575A003458AC /* WUserViewController.xib */ = {isa = PBXFileReference; fileEncoding = 4; lastKnownFileType = file.xib; name = WUserViewController.xib; path = Controller/WUserViewController.xib; sourceTree = "<group>"; };
		F69873531A026D48003458AC /* WVerifiedView.h */ = {isa = PBXFileReference; fileEncoding = 4; lastKnownFileType = sourcecode.c.h; path = WVerifiedView.h; sourceTree = "<group>"; };
		F69873541A026D48003458AC /* WVerifiedView.m */ = {isa = PBXFileReference; fileEncoding = 4; lastKnownFileType = sourcecode.c.objc; path = WVerifiedView.m; sourceTree = "<group>"; };
		F69873561A027630003458AC /* icon_verified_email.png */ = {isa = PBXFileReference; lastKnownFileType = image.png; name = icon_verified_email.png; path = images/icon_verified_email.png; sourceTree = "<group>"; };
		F69873571A027630003458AC /* icon_verified_identity_card.png */ = {isa = PBXFileReference; lastKnownFileType = image.png; name = icon_verified_identity_card.png; path = images/icon_verified_identity_card.png; sourceTree = "<group>"; };
		F69873581A027630003458AC /* icon_verified_phone.png */ = {isa = PBXFileReference; lastKnownFileType = image.png; name = icon_verified_phone.png; path = images/icon_verified_phone.png; sourceTree = "<group>"; };
		F69873591A027630003458AC /* icon_verified_sina_weibo.png */ = {isa = PBXFileReference; lastKnownFileType = image.png; name = icon_verified_sina_weibo.png; path = images/icon_verified_sina_weibo.png; sourceTree = "<group>"; };
		F698735E1A028265003458AC /* app_icon_58.png */ = {isa = PBXFileReference; lastKnownFileType = image.png; name = app_icon_58.png; path = images/app_icon_58.png; sourceTree = "<group>"; };
		F698735F1A028265003458AC /* app_icon_80.png */ = {isa = PBXFileReference; lastKnownFileType = image.png; name = app_icon_80.png; path = images/app_icon_80.png; sourceTree = "<group>"; };
		F69873601A028265003458AC /* app_icon_120.png */ = {isa = PBXFileReference; lastKnownFileType = image.png; name = app_icon_120.png; path = images/app_icon_120.png; sourceTree = "<group>"; };
		F6AEB04519F926E8002AA015 /* WBaseModel.h */ = {isa = PBXFileReference; fileEncoding = 4; lastKnownFileType = sourcecode.c.h; path = WBaseModel.h; sourceTree = "<group>"; };
		F6AEB04619F926E8002AA015 /* WBaseModel.m */ = {isa = PBXFileReference; fileEncoding = 4; lastKnownFileType = sourcecode.c.objc; path = WBaseModel.m; sourceTree = "<group>"; };
		F6AEB09019FA0F55002AA015 /* MASCompositeConstraint.h */ = {isa = PBXFileReference; fileEncoding = 4; lastKnownFileType = sourcecode.c.h; name = MASCompositeConstraint.h; path = Masonry/MASCompositeConstraint.h; sourceTree = SOURCE_ROOT; };
		F6AEB09119FA0F55002AA015 /* MASCompositeConstraint.m */ = {isa = PBXFileReference; fileEncoding = 4; lastKnownFileType = sourcecode.c.objc; name = MASCompositeConstraint.m; path = Masonry/MASCompositeConstraint.m; sourceTree = SOURCE_ROOT; };
		F6AEB09219FA0F55002AA015 /* MASConstraint.h */ = {isa = PBXFileReference; fileEncoding = 4; lastKnownFileType = sourcecode.c.h; name = MASConstraint.h; path = Masonry/MASConstraint.h; sourceTree = SOURCE_ROOT; };
		F6AEB09319FA0F55002AA015 /* MASConstraint.m */ = {isa = PBXFileReference; fileEncoding = 4; lastKnownFileType = sourcecode.c.objc; name = MASConstraint.m; path = Masonry/MASConstraint.m; sourceTree = SOURCE_ROOT; };
		F6AEB09419FA0F55002AA015 /* MASConstraint+Private.h */ = {isa = PBXFileReference; fileEncoding = 4; lastKnownFileType = sourcecode.c.h; name = "MASConstraint+Private.h"; path = "Masonry/MASConstraint+Private.h"; sourceTree = SOURCE_ROOT; };
		F6AEB09519FA0F55002AA015 /* MASConstraintMaker.h */ = {isa = PBXFileReference; fileEncoding = 4; lastKnownFileType = sourcecode.c.h; name = MASConstraintMaker.h; path = Masonry/MASConstraintMaker.h; sourceTree = SOURCE_ROOT; };
		F6AEB09619FA0F55002AA015 /* MASConstraintMaker.m */ = {isa = PBXFileReference; fileEncoding = 4; lastKnownFileType = sourcecode.c.objc; name = MASConstraintMaker.m; path = Masonry/MASConstraintMaker.m; sourceTree = SOURCE_ROOT; };
		F6AEB09719FA0F55002AA015 /* MASLayoutConstraint.h */ = {isa = PBXFileReference; fileEncoding = 4; lastKnownFileType = sourcecode.c.h; name = MASLayoutConstraint.h; path = Masonry/MASLayoutConstraint.h; sourceTree = SOURCE_ROOT; };
		F6AEB09819FA0F55002AA015 /* MASLayoutConstraint.m */ = {isa = PBXFileReference; fileEncoding = 4; lastKnownFileType = sourcecode.c.objc; name = MASLayoutConstraint.m; path = Masonry/MASLayoutConstraint.m; sourceTree = SOURCE_ROOT; };
		F6AEB09919FA0F55002AA015 /* Masonry.h */ = {isa = PBXFileReference; fileEncoding = 4; lastKnownFileType = sourcecode.c.h; name = Masonry.h; path = Masonry/Masonry.h; sourceTree = SOURCE_ROOT; };
		F6AEB09A19FA0F55002AA015 /* MASUtilities.h */ = {isa = PBXFileReference; fileEncoding = 4; lastKnownFileType = sourcecode.c.h; name = MASUtilities.h; path = Masonry/MASUtilities.h; sourceTree = SOURCE_ROOT; };
		F6AEB09B19FA0F55002AA015 /* MASViewAttribute.h */ = {isa = PBXFileReference; fileEncoding = 4; lastKnownFileType = sourcecode.c.h; name = MASViewAttribute.h; path = Masonry/MASViewAttribute.h; sourceTree = SOURCE_ROOT; };
		F6AEB09C19FA0F55002AA015 /* MASViewAttribute.m */ = {isa = PBXFileReference; fileEncoding = 4; lastKnownFileType = sourcecode.c.objc; name = MASViewAttribute.m; path = Masonry/MASViewAttribute.m; sourceTree = SOURCE_ROOT; };
		F6AEB09D19FA0F55002AA015 /* MASViewConstraint.h */ = {isa = PBXFileReference; fileEncoding = 4; lastKnownFileType = sourcecode.c.h; name = MASViewConstraint.h; path = Masonry/MASViewConstraint.h; sourceTree = SOURCE_ROOT; };
		F6AEB09E19FA0F55002AA015 /* MASViewConstraint.m */ = {isa = PBXFileReference; fileEncoding = 4; lastKnownFileType = sourcecode.c.objc; name = MASViewConstraint.m; path = Masonry/MASViewConstraint.m; sourceTree = SOURCE_ROOT; };
		F6AEB09F19FA0F55002AA015 /* NSArray+MASAdditions.h */ = {isa = PBXFileReference; fileEncoding = 4; lastKnownFileType = sourcecode.c.h; name = "NSArray+MASAdditions.h"; path = "Masonry/NSArray+MASAdditions.h"; sourceTree = SOURCE_ROOT; };
		F6AEB0A019FA0F55002AA015 /* NSArray+MASAdditions.m */ = {isa = PBXFileReference; fileEncoding = 4; lastKnownFileType = sourcecode.c.objc; name = "NSArray+MASAdditions.m"; path = "Masonry/NSArray+MASAdditions.m"; sourceTree = SOURCE_ROOT; };
		F6AEB0A119FA0F55002AA015 /* NSArray+MASShorthandAdditions.h */ = {isa = PBXFileReference; fileEncoding = 4; lastKnownFileType = sourcecode.c.h; name = "NSArray+MASShorthandAdditions.h"; path = "Masonry/NSArray+MASShorthandAdditions.h"; sourceTree = SOURCE_ROOT; };
		F6AEB0A219FA0F55002AA015 /* NSLayoutConstraint+MASDebugAdditions.h */ = {isa = PBXFileReference; fileEncoding = 4; lastKnownFileType = sourcecode.c.h; name = "NSLayoutConstraint+MASDebugAdditions.h"; path = "Masonry/NSLayoutConstraint+MASDebugAdditions.h"; sourceTree = SOURCE_ROOT; };
		F6AEB0A319FA0F55002AA015 /* NSLayoutConstraint+MASDebugAdditions.m */ = {isa = PBXFileReference; fileEncoding = 4; lastKnownFileType = sourcecode.c.objc; name = "NSLayoutConstraint+MASDebugAdditions.m"; path = "Masonry/NSLayoutConstraint+MASDebugAdditions.m"; sourceTree = SOURCE_ROOT; };
		F6AEB0A419FA0F55002AA015 /* View+MASAdditions.h */ = {isa = PBXFileReference; fileEncoding = 4; lastKnownFileType = sourcecode.c.h; name = "View+MASAdditions.h"; path = "Masonry/View+MASAdditions.h"; sourceTree = SOURCE_ROOT; };
		F6AEB0A519FA0F55002AA015 /* View+MASAdditions.m */ = {isa = PBXFileReference; fileEncoding = 4; lastKnownFileType = sourcecode.c.objc; name = "View+MASAdditions.m"; path = "Masonry/View+MASAdditions.m"; sourceTree = SOURCE_ROOT; };
		F6AEB0A619FA0F55002AA015 /* View+MASShorthandAdditions.h */ = {isa = PBXFileReference; fileEncoding = 4; lastKnownFileType = sourcecode.c.h; name = "View+MASShorthandAdditions.h"; path = "Masonry/View+MASShorthandAdditions.h"; sourceTree = SOURCE_ROOT; };
		F6B838CD19FE98D800F7EDC9 /* WEventModel.h */ = {isa = PBXFileReference; fileEncoding = 4; lastKnownFileType = sourcecode.c.h; path = WEventModel.h; sourceTree = "<group>"; };
		F6B838CE19FE98D800F7EDC9 /* WEventModel.m */ = {isa = PBXFileReference; fileEncoding = 4; lastKnownFileType = sourcecode.c.objc; path = WEventModel.m; sourceTree = "<group>"; };
		F6B838D019FE9AAB00F7EDC9 /* WEventCenter.h */ = {isa = PBXFileReference; fileEncoding = 4; lastKnownFileType = sourcecode.c.h; path = WEventCenter.h; sourceTree = "<group>"; };
		F6B838D119FE9AAB00F7EDC9 /* WEventCenter.m */ = {isa = PBXFileReference; fileEncoding = 4; lastKnownFileType = sourcecode.c.objc; path = WEventCenter.m; sourceTree = "<group>"; };
		F6B838D319FEA2CB00F7EDC9 /* WEventPreviewView.h */ = {isa = PBXFileReference; fileEncoding = 4; lastKnownFileType = sourcecode.c.h; path = WEventPreviewView.h; sourceTree = "<group>"; };
		F6B838D419FEA2CB00F7EDC9 /* WEventPreviewView.m */ = {isa = PBXFileReference; fileEncoding = 4; lastKnownFileType = sourcecode.c.objc; path = WEventPreviewView.m; sourceTree = "<group>"; };
		F6C92A7C1A067E6D00B08E2C /* MKAnnotationView+WebCache.h */ = {isa = PBXFileReference; fileEncoding = 4; lastKnownFileType = sourcecode.c.h; path = "MKAnnotationView+WebCache.h"; sourceTree = "<group>"; };
		F6C92A7D1A067E6D00B08E2C /* MKAnnotationView+WebCache.m */ = {isa = PBXFileReference; fileEncoding = 4; lastKnownFileType = sourcecode.c.objc; path = "MKAnnotationView+WebCache.m"; sourceTree = "<group>"; };
		F6C92A7E1A067E6D00B08E2C /* SDImageCache.h */ = {isa = PBXFileReference; fileEncoding = 4; lastKnownFileType = sourcecode.c.h; path = SDImageCache.h; sourceTree = "<group>"; };
		F6C92A7F1A067E6D00B08E2C /* SDImageCache.m */ = {isa = PBXFileReference; fileEncoding = 4; lastKnownFileType = sourcecode.c.objc; path = SDImageCache.m; sourceTree = "<group>"; };
		F6C92A801A067E6D00B08E2C /* SDImageCacheDelegate.h */ = {isa = PBXFileReference; fileEncoding = 4; lastKnownFileType = sourcecode.c.h; path = SDImageCacheDelegate.h; sourceTree = "<group>"; };
		F6C92A811A067E6D00B08E2C /* SDWebImageCompat.h */ = {isa = PBXFileReference; fileEncoding = 4; lastKnownFileType = sourcecode.c.h; path = SDWebImageCompat.h; sourceTree = "<group>"; };
		F6C92A821A067E6D00B08E2C /* SDWebImageDecoder.h */ = {isa = PBXFileReference; fileEncoding = 4; lastKnownFileType = sourcecode.c.h; path = SDWebImageDecoder.h; sourceTree = "<group>"; };
		F6C92A831A067E6D00B08E2C /* SDWebImageDecoder.m */ = {isa = PBXFileReference; fileEncoding = 4; lastKnownFileType = sourcecode.c.objc; path = SDWebImageDecoder.m; sourceTree = "<group>"; };
		F6C92A841A067E6D00B08E2C /* SDWebImageDownloader.h */ = {isa = PBXFileReference; fileEncoding = 4; lastKnownFileType = sourcecode.c.h; path = SDWebImageDownloader.h; sourceTree = "<group>"; };
		F6C92A851A067E6D00B08E2C /* SDWebImageDownloader.m */ = {isa = PBXFileReference; fileEncoding = 4; lastKnownFileType = sourcecode.c.objc; path = SDWebImageDownloader.m; sourceTree = "<group>"; };
		F6C92A861A067E6D00B08E2C /* SDWebImageDownloaderDelegate.h */ = {isa = PBXFileReference; fileEncoding = 4; lastKnownFileType = sourcecode.c.h; path = SDWebImageDownloaderDelegate.h; sourceTree = "<group>"; };
		F6C92A871A067E6D00B08E2C /* SDWebImageManager.h */ = {isa = PBXFileReference; fileEncoding = 4; lastKnownFileType = sourcecode.c.h; path = SDWebImageManager.h; sourceTree = "<group>"; };
		F6C92A881A067E6D00B08E2C /* SDWebImageManager.m */ = {isa = PBXFileReference; fileEncoding = 4; lastKnownFileType = sourcecode.c.objc; path = SDWebImageManager.m; sourceTree = "<group>"; };
		F6C92A891A067E6D00B08E2C /* SDWebImageManagerDelegate.h */ = {isa = PBXFileReference; fileEncoding = 4; lastKnownFileType = sourcecode.c.h; path = SDWebImageManagerDelegate.h; sourceTree = "<group>"; };
		F6C92A8A1A067E6D00B08E2C /* SDWebImagePrefetcher.h */ = {isa = PBXFileReference; fileEncoding = 4; lastKnownFileType = sourcecode.c.h; path = SDWebImagePrefetcher.h; sourceTree = "<group>"; };
		F6C92A8B1A067E6D00B08E2C /* SDWebImagePrefetcher.m */ = {isa = PBXFileReference; fileEncoding = 4; lastKnownFileType = sourcecode.c.objc; path = SDWebImagePrefetcher.m; sourceTree = "<group>"; };
		F6C92A8C1A067E6D00B08E2C /* UIButton+WebCache.h */ = {isa = PBXFileReference; fileEncoding = 4; lastKnownFileType = sourcecode.c.h; path = "UIButton+WebCache.h"; sourceTree = "<group>"; };
		F6C92A8D1A067E6D00B08E2C /* UIButton+WebCache.m */ = {isa = PBXFileReference; fileEncoding = 4; lastKnownFileType = sourcecode.c.objc; path = "UIButton+WebCache.m"; sourceTree = "<group>"; };
		F6C92A8E1A067E6D00B08E2C /* UIImageView+WebCache.h */ = {isa = PBXFileReference; fileEncoding = 4; lastKnownFileType = sourcecode.c.h; path = "UIImageView+WebCache.h"; sourceTree = "<group>"; };
		F6C92A8F1A067E6D00B08E2C /* UIImageView+WebCache.m */ = {isa = PBXFileReference; fileEncoding = 4; lastKnownFileType = sourcecode.c.objc; path = "UIImageView+WebCache.m"; sourceTree = "<group>"; };
		F6C92A911A067E6D00B08E2C /* UIImage+Alpha.h */ = {isa = PBXFileReference; fileEncoding = 4; lastKnownFileType = sourcecode.c.h; path = "UIImage+Alpha.h"; sourceTree = "<group>"; };
		F6C92A921A067E6D00B08E2C /* UIImage+Alpha.m */ = {isa = PBXFileReference; fileEncoding = 4; lastKnownFileType = sourcecode.c.objc; path = "UIImage+Alpha.m"; sourceTree = "<group>"; };
		F6C92A931A067E6D00B08E2C /* UIImage+Resize.h */ = {isa = PBXFileReference; fileEncoding = 4; lastKnownFileType = sourcecode.c.h; path = "UIImage+Resize.h"; sourceTree = "<group>"; };
		F6C92A941A067E6D00B08E2C /* UIImage+Resize.m */ = {isa = PBXFileReference; fileEncoding = 4; lastKnownFileType = sourcecode.c.objc; path = "UIImage+Resize.m"; sourceTree = "<group>"; };
		F6C92A951A067E6D00B08E2C /* UIImage+RoundedCorner.h */ = {isa = PBXFileReference; fileEncoding = 4; lastKnownFileType = sourcecode.c.h; path = "UIImage+RoundedCorner.h"; sourceTree = "<group>"; };
		F6C92A961A067E6D00B08E2C /* UIImage+RoundedCorner.m */ = {isa = PBXFileReference; fileEncoding = 4; lastKnownFileType = sourcecode.c.objc; path = "UIImage+RoundedCorner.m"; sourceTree = "<group>"; };
		F6C92A971A067E6D00B08E2C /* UIImage+Scaling.h */ = {isa = PBXFileReference; fileEncoding = 4; lastKnownFileType = sourcecode.c.h; path = "UIImage+Scaling.h"; sourceTree = "<group>"; };
		F6C92A981A067E6D00B08E2C /* UIImage+Scaling.m */ = {isa = PBXFileReference; fileEncoding = 4; lastKnownFileType = sourcecode.c.objc; path = "UIImage+Scaling.m"; sourceTree = "<group>"; };
		F6C92AA51A067FC900B08E2C /* ImageIO.framework */ = {isa = PBXFileReference; lastKnownFileType = wrapper.framework; name = ImageIO.framework; path = System/Library/Frameworks/ImageIO.framework; sourceTree = SDKROOT; };
		F6C92AA71A067FFF00B08E2C /* MapKit.framework */ = {isa = PBXFileReference; lastKnownFileType = wrapper.framework; name = MapKit.framework; path = System/Library/Frameworks/MapKit.framework; sourceTree = SDKROOT; };
/* End PBXFileReference section */

/* Begin PBXFrameworksBuildPhase section */
		AA3F38DC17BD03410054A992 /* Frameworks */ = {
			isa = PBXFrameworksBuildPhase;
			buildActionMask = 2147483647;
			files = (
				F6C92AA81A067FFF00B08E2C /* MapKit.framework in Frameworks */,
				F6C92AA61A067FC900B08E2C /* ImageIO.framework in Frameworks */,
				F66261B319CEC8F200C0B9ED /* QuartzCore.framework in Frameworks */,
				B2A2F7CE19CD82BB006C9BB2 /* CFNetwork.framework in Frameworks */,
				B2A2F7CC19CD8291006C9BB2 /* libicucore.dylib in Frameworks */,
				B2A2F7CA19CD8277006C9BB2 /* MobileCoreServices.framework in Frameworks */,
				B2A2F7C819CD826A006C9BB2 /* SystemConfiguration.framework in Frameworks */,
				B2A2F7C619CD823E006C9BB2 /* CoreLocation.framework in Frameworks */,
				B2A2F7C419CD8233006C9BB2 /* CoreTelephony.framework in Frameworks */,
				B2A2F7C119CD799D006C9BB2 /* AVOSCloud.framework in Frameworks */,
				B2A2F7C219CD799D006C9BB2 /* AVOSCloudSNS.framework in Frameworks */,
				AA3F38E317BD03410054A992 /* UIKit.framework in Frameworks */,
				AA3F38E517BD03410054A992 /* Foundation.framework in Frameworks */,
				AA3F38E717BD03410054A992 /* CoreGraphics.framework in Frameworks */,
			);
			runOnlyForDeploymentPostprocessing = 0;
		};
/* End PBXFrameworksBuildPhase section */

/* Begin PBXGroup section */
		AA3F38D617BD03410054A992 = {
			isa = PBXGroup;
			children = (
				AA3F38E817BD03410054A992 /* CustomTableVeiwCellDemo */,
				AA3F38E117BD03410054A992 /* Frameworks */,
				AA3F38E017BD03410054A992 /* Products */,
			);
			sourceTree = "<group>";
		};
		AA3F38E017BD03410054A992 /* Products */ = {
			isa = PBXGroup;
			children = (
				AA3F38DF17BD03410054A992 /* CustomTableVeiwCellDemo.app */,
			);
			name = Products;
			sourceTree = "<group>";
		};
		AA3F38E117BD03410054A992 /* Frameworks */ = {
			isa = PBXGroup;
			children = (
				F6C92AA71A067FFF00B08E2C /* MapKit.framework */,
				F6C92AA51A067FC900B08E2C /* ImageIO.framework */,
				F66261B219CEC8F200C0B9ED /* QuartzCore.framework */,
				B2A2F7CD19CD82BB006C9BB2 /* CFNetwork.framework */,
				B2A2F7CB19CD8291006C9BB2 /* libicucore.dylib */,
				B2A2F7C919CD8277006C9BB2 /* MobileCoreServices.framework */,
				B2A2F7C719CD826A006C9BB2 /* SystemConfiguration.framework */,
				B2A2F7C519CD823E006C9BB2 /* CoreLocation.framework */,
				B2A2F7C319CD8233006C9BB2 /* CoreTelephony.framework */,
				B2A2F7BF19CD799D006C9BB2 /* AVOSCloud.framework */,
				B2A2F7C019CD799D006C9BB2 /* AVOSCloudSNS.framework */,
				AA3F38E217BD03410054A992 /* UIKit.framework */,
				AA3F38E417BD03410054A992 /* Foundation.framework */,
				AA3F38E617BD03410054A992 /* CoreGraphics.framework */,
			);
			name = Frameworks;
			sourceTree = "<group>";
		};
		AA3F38E817BD03410054A992 /* CustomTableVeiwCellDemo */ = {
			isa = PBXGroup;
			children = (
				F6C92A7A1A067E4C00B08E2C /* WebImage */,
				F6AEB06E19FA0DBB002AA015 /* Masonry */,
				F66261BD19CF062200C0B9ED /* Controller */,
				AA3F390917BD234B0054A992 /* View */,
				AA3F390517BD10B90054A992 /* Model */,
				AA3F38F117BD03410054A992 /* WAppDelegate.h */,
				AA3F38F217BD03410054A992 /* WAppDelegate.m */,
				AA3F38E917BD03410054A992 /* Supporting Files */,
				F60D712819F7FD6C0072F789 /* WConfig.h */,
				F60D712919F7FD6C0072F789 /* WConfig.m */,
				F69873371A0120C5003458AC /* WUtils.h */,
				F69873381A0120C5003458AC /* WUtils.m */,
			);
			path = CustomTableVeiwCellDemo;
			sourceTree = "<group>";
		};
		AA3F38E917BD03410054A992 /* Supporting Files */ = {
			isa = PBXGroup;
			children = (
				F698735E1A028265003458AC /* app_icon_58.png */,
				F698735F1A028265003458AC /* app_icon_80.png */,
				F69873601A028265003458AC /* app_icon_120.png */,
				F69873561A027630003458AC /* icon_verified_email.png */,
				F69873571A027630003458AC /* icon_verified_identity_card.png */,
				F69873581A027630003458AC /* icon_verified_phone.png */,
				F69873591A027630003458AC /* icon_verified_sina_weibo.png */,
				AA3F38EA17BD03410054A992 /* CustomTableVeiwCellDemo-Info.plist */,
				AA3F38EB17BD03410054A992 /* InfoPlist.strings */,
				AA3F38EE17BD03410054A992 /* main.m */,
				AA3F38F017BD03410054A992 /* CustomTableVeiwCellDemo-Prefix.pch */,
				AA3F38F417BD03410054A992 /* Default.png */,
				AA3F38F617BD03410054A992 /* Default@2x.png */,
				AA3F38F817BD03410054A992 /* Default-568h@2x.png */,
			);
			name = "Supporting Files";
			sourceTree = "<group>";
		};
		AA3F390517BD10B90054A992 /* Model */ = {
			isa = PBXGroup;
			children = (
				F69873481A01F7AC003458AC /* WUserCenter.h */,
				F69873491A01F7AC003458AC /* WUserCenter.m */,
				F6B838D019FE9AAB00F7EDC9 /* WEventCenter.h */,
				F6B838D119FE9AAB00F7EDC9 /* WEventCenter.m */,
				F60D711D19F7E4030072F789 /* WSpaceCenter.h */,
				F60D711E19F7E4030072F789 /* WSpaceCenter.m */,
				F60D711F19F7E4030072F789 /* WSpaceModel.h */,
				F60D712019F7E4030072F789 /* WSpaceModel.m */,
				F6AEB04519F926E8002AA015 /* WBaseModel.h */,
				F6AEB04619F926E8002AA015 /* WBaseModel.m */,
				F6B838CD19FE98D800F7EDC9 /* WEventModel.h */,
				F6B838CE19FE98D800F7EDC9 /* WEventModel.m */,
				F69873451A01F645003458AC /* WUserModel.h */,
				F69873461A01F645003458AC /* WUserModel.m */,
			);
			path = Model;
			sourceTree = "<group>";
		};
		AA3F390917BD234B0054A992 /* View */ = {
			isa = PBXGroup;
			children = (
				F69873531A026D48003458AC /* WVerifiedView.h */,
				F69873541A026D48003458AC /* WVerifiedView.m */,
				F6B838D319FEA2CB00F7EDC9 /* WEventPreviewView.h */,
				F6B838D419FEA2CB00F7EDC9 /* WEventPreviewView.m */,
				F60D712B19F815890072F789 /* FlatPillButton.h */,
				F60D712C19F815890072F789 /* FlatPillButton.m */,
				AA3F390A17BD243A0054A992 /* WProjectCell.h */,
				AA3F390B17BD243A0054A992 /* WProjectCell.m */,
				AA3F390D17BD250B0054A992 /* WProjectCell.xib */,
				F60D713319F8E9250072F789 /* UILabel+dynamicSized.h */,
				F60D713419F8E9250072F789 /* UILabel+dynamicSized.m */,
				F69873341A00E5BF003458AC /* WEventedTapGestureRecognizer.h */,
				F69873351A00E5BF003458AC /* WEventedTapGestureRecognizer.m */,
				F698733F1A0131A2003458AC /* WUserPreviewView.h */,
				F69873401A0131A2003458AC /* WUserPreviewView.m */,
			);
			path = View;
			sourceTree = "<group>";
		};
		F66261BD19CF062200C0B9ED /* Controller */ = {
			isa = PBXGroup;
			children = (
				F698733A1A012A59003458AC /* WDetailViewController.h */,
				F698733B1A012A59003458AC /* WDetailViewController.m */,
				F698733C1A012A59003458AC /* WDetailViewController.xib */,
				F66261C619CF0EAB00C0B9ED /* WViewController.h */,
				F66261C719CF0EAB00C0B9ED /* WViewController.m */,
				F66261C819CF0EAB00C0B9ED /* WViewController.xib */,
				F60D712E19F8C27C0072F789 /* WTextPageViewController.h */,
				F60D712F19F8C27C0072F789 /* WTextPageViewController.m */,
				F698732C1A00BADC003458AC /* WEventViewController.h */,
				F698732D1A00BADC003458AC /* WEventViewController.m */,
				F698732E1A00BADC003458AC /* WEventViewController.xib */,
				F698734B1A02575A003458AC /* WUserViewController.h */,
				F698734C1A02575A003458AC /* WUserViewController.m */,
				F698734D1A02575A003458AC /* WUserViewController.xib */,
			);
			name = Controller;
			sourceTree = "<group>";
		};
		F6AEB06E19FA0DBB002AA015 /* Masonry */ = {
			isa = PBXGroup;
			children = (
				F6AEB09019FA0F55002AA015 /* MASCompositeConstraint.h */,
				F6AEB09119FA0F55002AA015 /* MASCompositeConstraint.m */,
				F6AEB09219FA0F55002AA015 /* MASConstraint.h */,
				F6AEB09319FA0F55002AA015 /* MASConstraint.m */,
				F6AEB09419FA0F55002AA015 /* MASConstraint+Private.h */,
				F6AEB09519FA0F55002AA015 /* MASConstraintMaker.h */,
				F6AEB09619FA0F55002AA015 /* MASConstraintMaker.m */,
				F6AEB09719FA0F55002AA015 /* MASLayoutConstraint.h */,
				F6AEB09819FA0F55002AA015 /* MASLayoutConstraint.m */,
				F6AEB09919FA0F55002AA015 /* Masonry.h */,
				F6AEB09A19FA0F55002AA015 /* MASUtilities.h */,
				F6AEB09B19FA0F55002AA015 /* MASViewAttribute.h */,
				F6AEB09C19FA0F55002AA015 /* MASViewAttribute.m */,
				F6AEB09D19FA0F55002AA015 /* MASViewConstraint.h */,
				F6AEB09E19FA0F55002AA015 /* MASViewConstraint.m */,
				F6AEB09F19FA0F55002AA015 /* NSArray+MASAdditions.h */,
				F6AEB0A019FA0F55002AA015 /* NSArray+MASAdditions.m */,
				F6AEB0A119FA0F55002AA015 /* NSArray+MASShorthandAdditions.h */,
				F6AEB0A219FA0F55002AA015 /* NSLayoutConstraint+MASDebugAdditions.h */,
				F6AEB0A319FA0F55002AA015 /* NSLayoutConstraint+MASDebugAdditions.m */,
				F6AEB0A419FA0F55002AA015 /* View+MASAdditions.h */,
				F6AEB0A519FA0F55002AA015 /* View+MASAdditions.m */,
				F6AEB0A619FA0F55002AA015 /* View+MASShorthandAdditions.h */,
			);
			name = Masonry;
			sourceTree = "<group>";
		};
		F6C92A7A1A067E4C00B08E2C /* WebImage */ = {
			isa = PBXGroup;
			children = (
				F6C92A7B1A067E6D00B08E2C /* SDWebImage */,
				F6C92A901A067E6D00B08E2C /* UIImage+Resize */,
			);
			name = WebImage;
			sourceTree = "<group>";
		};
		F6C92A7B1A067E6D00B08E2C /* SDWebImage */ = {
			isa = PBXGroup;
			children = (
				F6C92A7C1A067E6D00B08E2C /* MKAnnotationView+WebCache.h */,
				F6C92A7D1A067E6D00B08E2C /* MKAnnotationView+WebCache.m */,
				F6C92A7E1A067E6D00B08E2C /* SDImageCache.h */,
				F6C92A7F1A067E6D00B08E2C /* SDImageCache.m */,
				F6C92A801A067E6D00B08E2C /* SDImageCacheDelegate.h */,
				F6C92A811A067E6D00B08E2C /* SDWebImageCompat.h */,
				F6C92A821A067E6D00B08E2C /* SDWebImageDecoder.h */,
				F6C92A831A067E6D00B08E2C /* SDWebImageDecoder.m */,
				F6C92A841A067E6D00B08E2C /* SDWebImageDownloader.h */,
				F6C92A851A067E6D00B08E2C /* SDWebImageDownloader.m */,
				F6C92A861A067E6D00B08E2C /* SDWebImageDownloaderDelegate.h */,
				F6C92A871A067E6D00B08E2C /* SDWebImageManager.h */,
				F6C92A881A067E6D00B08E2C /* SDWebImageManager.m */,
				F6C92A891A067E6D00B08E2C /* SDWebImageManagerDelegate.h */,
				F6C92A8A1A067E6D00B08E2C /* SDWebImagePrefetcher.h */,
				F6C92A8B1A067E6D00B08E2C /* SDWebImagePrefetcher.m */,
				F6C92A8C1A067E6D00B08E2C /* UIButton+WebCache.h */,
				F6C92A8D1A067E6D00B08E2C /* UIButton+WebCache.m */,
				F6C92A8E1A067E6D00B08E2C /* UIImageView+WebCache.h */,
				F6C92A8F1A067E6D00B08E2C /* UIImageView+WebCache.m */,
			);
			name = SDWebImage;
			path = WebImage/SDWebImage;
			sourceTree = SOURCE_ROOT;
		};
		F6C92A901A067E6D00B08E2C /* UIImage+Resize */ = {
			isa = PBXGroup;
			children = (
				F6C92A911A067E6D00B08E2C /* UIImage+Alpha.h */,
				F6C92A921A067E6D00B08E2C /* UIImage+Alpha.m */,
				F6C92A931A067E6D00B08E2C /* UIImage+Resize.h */,
				F6C92A941A067E6D00B08E2C /* UIImage+Resize.m */,
				F6C92A951A067E6D00B08E2C /* UIImage+RoundedCorner.h */,
				F6C92A961A067E6D00B08E2C /* UIImage+RoundedCorner.m */,
				F6C92A971A067E6D00B08E2C /* UIImage+Scaling.h */,
				F6C92A981A067E6D00B08E2C /* UIImage+Scaling.m */,
			);
			name = "UIImage+Resize";
			path = "WebImage/UIImage+Resize";
			sourceTree = SOURCE_ROOT;
		};
/* End PBXGroup section */

/* Begin PBXNativeTarget section */
		AA3F38DE17BD03410054A992 /* CustomTableVeiwCellDemo */ = {
			isa = PBXNativeTarget;
			buildConfigurationList = AA3F390217BD03410054A992 /* Build configuration list for PBXNativeTarget "CustomTableVeiwCellDemo" */;
			buildPhases = (
				AA3F38DB17BD03410054A992 /* Sources */,
				AA3F38DC17BD03410054A992 /* Frameworks */,
				AA3F38DD17BD03410054A992 /* Resources */,
			);
			buildRules = (
			);
			dependencies = (
			);
			name = CustomTableVeiwCellDemo;
			productName = CustomTableVeiwCellDemo;
			productReference = AA3F38DF17BD03410054A992 /* CustomTableVeiwCellDemo.app */;
			productType = "com.apple.product-type.application";
		};
/* End PBXNativeTarget section */

/* Begin PBXProject section */
		AA3F38D717BD03410054A992 /* Project object */ = {
			isa = PBXProject;
			attributes = {
				CLASSPREFIX = W;
				LastUpgradeCheck = 0460;
				ORGANIZATIONNAME = wzrong;
			};
			buildConfigurationList = AA3F38DA17BD03410054A992 /* Build configuration list for PBXProject "CustomTableVeiwCellDemo" */;
			compatibilityVersion = "Xcode 3.2";
			developmentRegion = English;
			hasScannedForEncodings = 0;
			knownRegions = (
				en,
			);
			mainGroup = AA3F38D617BD03410054A992;
			productRefGroup = AA3F38E017BD03410054A992 /* Products */;
			projectDirPath = "";
			projectRoot = "";
			targets = (
				AA3F38DE17BD03410054A992 /* CustomTableVeiwCellDemo */,
			);
		};
/* End PBXProject section */

/* Begin PBXResourcesBuildPhase section */
		AA3F38DD17BD03410054A992 /* Resources */ = {
			isa = PBXResourcesBuildPhase;
			buildActionMask = 2147483647;
			files = (
				F66261CC19CF0EAB00C0B9ED /* WViewController.xib in Resources */,
				F698735D1A027630003458AC /* icon_verified_sina_weibo.png in Resources */,
				F698735A1A027630003458AC /* icon_verified_email.png in Resources */,
				F69873301A00BADC003458AC /* WEventViewController.xib in Resources */,
				AA3F38ED17BD03410054A992 /* InfoPlist.strings in Resources */,
				F698735B1A027630003458AC /* icon_verified_identity_card.png in Resources */,
				F69873621A028265003458AC /* app_icon_80.png in Resources */,
				F698735C1A027630003458AC /* icon_verified_phone.png in Resources */,
				F698733E1A012A59003458AC /* WDetailViewController.xib in Resources */,
				AA3F38F517BD03410054A992 /* Default.png in Resources */,
				AA3F38F717BD03410054A992 /* Default@2x.png in Resources */,
				F698734F1A02575A003458AC /* WUserViewController.xib in Resources */,
				AA3F38F917BD03410054A992 /* Default-568h@2x.png in Resources */,
				AA3F390E17BD250B0054A992 /* WProjectCell.xib in Resources */,
				F69873631A028265003458AC /* app_icon_120.png in Resources */,
				F69873611A028265003458AC /* app_icon_58.png in Resources */,
			);
			runOnlyForDeploymentPostprocessing = 0;
		};
/* End PBXResourcesBuildPhase section */

/* Begin PBXSourcesBuildPhase section */
		AA3F38DB17BD03410054A992 /* Sources */ = {
			isa = PBXSourcesBuildPhase;
			buildActionMask = 2147483647;
			files = (
				F6AEB0A819FA0F55002AA015 /* MASConstraint.m in Sources */,
				F698734A1A01F7AC003458AC /* WUserCenter.m in Sources */,
				F6AEB0AB19FA0F55002AA015 /* MASViewAttribute.m in Sources */,
				F6AEB0A919FA0F55002AA015 /* MASConstraintMaker.m in Sources */,
				F60D712219F7E4030072F789 /* WSpaceModel.m in Sources */,
				F698734E1A02575A003458AC /* WUserViewController.m in Sources */,
				F6AEB04719F926E8002AA015 /* WBaseModel.m in Sources */,
				AA3F38EF17BD03410054A992 /* main.m in Sources */,
				F6AEB0AC19FA0F55002AA015 /* MASViewConstraint.m in Sources */,
				F6AEB0AF19FA0F55002AA015 /* View+MASAdditions.m in Sources */,
				F6C92A9A1A067E6D00B08E2C /* SDImageCache.m in Sources */,
				F6C92AA41A067E6D00B08E2C /* UIImage+Scaling.m in Sources */,
				F6B838CF19FE98D800F7EDC9 /* WEventModel.m in Sources */,
				F6C92A9B1A067E6D00B08E2C /* SDWebImageDecoder.m in Sources */,
				F6AEB0A719FA0F55002AA015 /* MASCompositeConstraint.m in Sources */,
				F69873551A026D48003458AC /* WVerifiedView.m in Sources */,
				F6C92A9D1A067E6D00B08E2C /* SDWebImageManager.m in Sources */,
				F69873391A0120C5003458AC /* WUtils.m in Sources */,
				F60D713119F8C27C0072F789 /* WTextPageViewController.m in Sources */,
				F6C92A991A067E6D00B08E2C /* MKAnnotationView+WebCache.m in Sources */,
				F6C92AA21A067E6D00B08E2C /* UIImage+Resize.m in Sources */,
				F6AEB0AA19FA0F55002AA015 /* MASLayoutConstraint.m in Sources */,
				AA3F38F317BD03410054A992 /* WAppDelegate.m in Sources */,
				F60D712D19F815890072F789 /* FlatPillButton.m in Sources */,
				F60D712A19F7FD6C0072F789 /* WConfig.m in Sources */,
				F6C92A9F1A067E6D00B08E2C /* UIButton+WebCache.m in Sources */,
				F60D712119F7E4030072F789 /* WSpaceCenter.m in Sources */,
				F6AEB0AE19FA0F55002AA015 /* NSLayoutConstraint+MASDebugAdditions.m in Sources */,
				F69873361A00E5BF003458AC /* WEventedTapGestureRecognizer.m in Sources */,
				F66261CB19CF0EAB00C0B9ED /* WViewController.m in Sources */,
				F6C92AA01A067E6D00B08E2C /* UIImageView+WebCache.m in Sources */,
				F698732F1A00BADC003458AC /* WEventViewController.m in Sources */,
				F6B838D519FEA2CB00F7EDC9 /* WEventPreviewView.m in Sources */,
				F6C92A9E1A067E6D00B08E2C /* SDWebImagePrefetcher.m in Sources */,
				F6AEB0AD19FA0F55002AA015 /* NSArray+MASAdditions.m in Sources */,
				F6C92A9C1A067E6D00B08E2C /* SDWebImageDownloader.m in Sources */,
				F698733D1A012A59003458AC /* WDetailViewController.m in Sources */,
				F6C92AA31A067E6D00B08E2C /* UIImage+RoundedCorner.m in Sources */,
				F69873411A0131A2003458AC /* WUserPreviewView.m in Sources */,
				AA3F390C17BD243A0054A992 /* WProjectCell.m in Sources */,
				F69873471A01F645003458AC /* WUserModel.m in Sources */,
				F6C92AA11A067E6D00B08E2C /* UIImage+Alpha.m in Sources */,
				F6B838D219FE9AAB00F7EDC9 /* WEventCenter.m in Sources */,
				F60D713519F8E9250072F789 /* UILabel+dynamicSized.m in Sources */,
			);
			runOnlyForDeploymentPostprocessing = 0;
		};
/* End PBXSourcesBuildPhase section */

/* Begin PBXVariantGroup section */
		AA3F38EB17BD03410054A992 /* InfoPlist.strings */ = {
			isa = PBXVariantGroup;
			children = (
				AA3F38EC17BD03410054A992 /* en */,
			);
			name = InfoPlist.strings;
			sourceTree = "<group>";
		};
/* End PBXVariantGroup section */

/* Begin XCBuildConfiguration section */
		AA3F390017BD03410054A992 /* Debug */ = {
			isa = XCBuildConfiguration;
			buildSettings = {
				ALWAYS_SEARCH_USER_PATHS = NO;
				CLANG_CXX_LANGUAGE_STANDARD = "gnu++0x";
				CLANG_CXX_LIBRARY = "libc++";
				CLANG_ENABLE_OBJC_ARC = YES;
				CLANG_WARN_CONSTANT_CONVERSION = YES;
				CLANG_WARN_EMPTY_BODY = YES;
				CLANG_WARN_ENUM_CONVERSION = YES;
				CLANG_WARN_INT_CONVERSION = YES;
				CLANG_WARN__DUPLICATE_METHOD_MATCH = YES;
				"CODE_SIGN_IDENTITY[sdk=iphoneos*]" = "iPhone Developer";
				COPY_PHASE_STRIP = NO;
				GCC_C_LANGUAGE_STANDARD = gnu99;
				GCC_DYNAMIC_NO_PIC = NO;
				GCC_OPTIMIZATION_LEVEL = 0;
				GCC_PREPROCESSOR_DEFINITIONS = (
					"DEBUG=1",
					"$(inherited)",
				);
				GCC_SYMBOLS_PRIVATE_EXTERN = NO;
				GCC_WARN_ABOUT_RETURN_TYPE = YES;
				GCC_WARN_UNINITIALIZED_AUTOS = YES;
				GCC_WARN_UNUSED_VARIABLE = YES;
				IPHONEOS_DEPLOYMENT_TARGET = 7.0;
				ONLY_ACTIVE_ARCH = NO;
				SDKROOT = iphoneos;
				VALID_ARCHS = "armv7 armv7s";
			};
			name = Debug;
		};
		AA3F390117BD03410054A992 /* Release */ = {
			isa = XCBuildConfiguration;
			buildSettings = {
				ALWAYS_SEARCH_USER_PATHS = NO;
				CLANG_CXX_LANGUAGE_STANDARD = "gnu++0x";
				CLANG_CXX_LIBRARY = "libc++";
				CLANG_ENABLE_OBJC_ARC = YES;
				CLANG_WARN_CONSTANT_CONVERSION = YES;
				CLANG_WARN_EMPTY_BODY = YES;
				CLANG_WARN_ENUM_CONVERSION = YES;
				CLANG_WARN_INT_CONVERSION = YES;
				CLANG_WARN__DUPLICATE_METHOD_MATCH = YES;
				"CODE_SIGN_IDENTITY[sdk=iphoneos*]" = "iPhone Developer";
				COPY_PHASE_STRIP = YES;
				GCC_C_LANGUAGE_STANDARD = gnu99;
				GCC_WARN_ABOUT_RETURN_TYPE = YES;
				GCC_WARN_UNINITIALIZED_AUTOS = YES;
				GCC_WARN_UNUSED_VARIABLE = YES;
				IPHONEOS_DEPLOYMENT_TARGET = 7.0;
				OTHER_CFLAGS = "-DNS_BLOCK_ASSERTIONS=1";
				SDKROOT = iphoneos;
				VALIDATE_PRODUCT = YES;
				VALID_ARCHS = "armv7 armv7s";
			};
			name = Release;
		};
		AA3F390317BD03410054A992 /* Debug */ = {
			isa = XCBuildConfiguration;
			buildSettings = {
				ARCHS = armv7;
				CLANG_ENABLE_OBJC_ARC = NO;
				FRAMEWORK_SEARCH_PATHS = (
					"$(inherited)",
					"$(PROJECT_DIR)/Frameworks",
				);
				GCC_PRECOMPILE_PREFIX_HEADER = YES;
				GCC_PREFIX_HEADER = "CustomTableVeiwCellDemo/CustomTableVeiwCellDemo-Prefix.pch";
				INFOPLIST_FILE = "CustomTableVeiwCellDemo/CustomTableVeiwCellDemo-Info.plist";
				IPHONEOS_DEPLOYMENT_TARGET = 7.0;
				ONLY_ACTIVE_ARCH = NO;
				PRODUCT_NAME = "$(TARGET_NAME)";
				VALID_ARCHS = "armv7s armv7";
				WRAPPER_EXTENSION = app;
			};
			name = Debug;
		};
		AA3F390417BD03410054A992 /* Release */ = {
			isa = XCBuildConfiguration;
			buildSettings = {
				ARCHS = armv7;
				CLANG_ENABLE_OBJC_ARC = NO;
				FRAMEWORK_SEARCH_PATHS = (
					"$(inherited)",
					"$(PROJECT_DIR)/Frameworks",
				);
				GCC_PRECOMPILE_PREFIX_HEADER = YES;
				GCC_PREFIX_HEADER = "CustomTableVeiwCellDemo/CustomTableVeiwCellDemo-Prefix.pch";
				INFOPLIST_FILE = "CustomTableVeiwCellDemo/CustomTableVeiwCellDemo-Info.plist";
				IPHONEOS_DEPLOYMENT_TARGET = 7.0;
				PRODUCT_NAME = "$(TARGET_NAME)";
				VALID_ARCHS = "armv7s armv7";
				WRAPPER_EXTENSION = app;
			};
			name = Release;
		};
/* End XCBuildConfiguration section */

/* Begin XCConfigurationList section */
		AA3F38DA17BD03410054A992 /* Build configuration list for PBXProject "CustomTableVeiwCellDemo" */ = {
			isa = XCConfigurationList;
			buildConfigurations = (
				AA3F390017BD03410054A992 /* Debug */,
				AA3F390117BD03410054A992 /* Release */,
			);
			defaultConfigurationIsVisible = 0;
			defaultConfigurationName = Release;
		};
		AA3F390217BD03410054A992 /* Build configuration list for PBXNativeTarget "CustomTableVeiwCellDemo" */ = {
			isa = XCConfigurationList;
			buildConfigurations = (
				AA3F390317BD03410054A992 /* Debug */,
				AA3F390417BD03410054A992 /* Release */,
			);
			defaultConfigurationIsVisible = 0;
			defaultConfigurationName = Release;
		};
/* End XCConfigurationList section */
	};
	rootObject = AA3F38D717BD03410054A992 /* Project object */;
}
